
Microsoft Visual Studio Solution File, Format Version 12.00
# Visual Studio 14
VisualStudioVersion = 14.0.22823.1
MinimumVisualStudioVersion = 10.0.40219.1
Project("{2150E333-8FDC-42A3-9474-1A3956D46DE8}") = "Server", "Server", "{05DDD473-BED7-4C20-AF13-939CB0396C1F}"
EndProject
Project("{2150E333-8FDC-42A3-9474-1A3956D46DE8}") = "App", "App", "{3D03A230-33AA-4EEE-9D2E-F60D5D5D5981}"
EndProject
Project("{2150E333-8FDC-42A3-9474-1A3956D46DE8}") = "SPA", "SPA", "{DBECD4BC-F5A9-4250-A5A4-A76C259F3905}"
EndProject
Project("{2150E333-8FDC-42A3-9474-1A3956D46DE8}") = "Dokumente", "Dokumente", "{81A6A60C-0928-4EA0-956A-865E62E2702F}"
EndProject
Project("{FAE04EC0-301F-11D3-BF4B-00C04F79EFBC}") = "fIT.Documents", "fIT.Documents\fIT.Documents.csproj", "{A7C41468-4AAF-45ED-9FC0-431EE1E615DE}"
EndProject
Project("{FAE04EC0-301F-11D3-BF4B-00C04F79EFBC}") = "fIT.WebApi", "fIT.WebApi\fIT.WebApi.csproj", "{919D5A1C-C503-4315-8A1C-86D4A09440FD}"
EndProject
Project("{FAE04EC0-301F-11D3-BF4B-00C04F79EFBC}") = "fIT.WebApi.Tests", "fIT.WebApi.Tests\fIT.WebApi.Tests.csproj", "{0090F411-3AF8-4DD3-810A-D8EFEA49E695}"
EndProject
Global
	GlobalSection(SolutionConfigurationPlatforms) = preSolution
		Debug|Any CPU = Debug|Any CPU
		Debug|ARM = Debug|ARM
		Debug|x64 = Debug|x64
		Debug|x86 = Debug|x86
		Release|Any CPU = Release|Any CPU
		Release|ARM = Release|ARM
		Release|x64 = Release|x64
		Release|x86 = Release|x86
	EndGlobalSection
	GlobalSection(ProjectConfigurationPlatforms) = postSolution
		{A7C41468-4AAF-45ED-9FC0-431EE1E615DE}.Debug|Any CPU.ActiveCfg = Debug|Any CPU
		{A7C41468-4AAF-45ED-9FC0-431EE1E615DE}.Debug|Any CPU.Build.0 = Debug|Any CPU
		{A7C41468-4AAF-45ED-9FC0-431EE1E615DE}.Debug|ARM.ActiveCfg = Debug|Any CPU
		{A7C41468-4AAF-45ED-9FC0-431EE1E615DE}.Debug|ARM.Build.0 = Debug|Any CPU
		{A7C41468-4AAF-45ED-9FC0-431EE1E615DE}.Debug|x64.ActiveCfg = Debug|Any CPU
		{A7C41468-4AAF-45ED-9FC0-431EE1E615DE}.Debug|x64.Build.0 = Debug|Any CPU
		{A7C41468-4AAF-45ED-9FC0-431EE1E615DE}.Debug|x86.ActiveCfg = Debug|Any CPU
		{A7C41468-4AAF-45ED-9FC0-431EE1E615DE}.Debug|x86.Build.0 = Debug|Any CPU
		{A7C41468-4AAF-45ED-9FC0-431EE1E615DE}.Release|Any CPU.ActiveCfg = Release|Any CPU
		{A7C41468-4AAF-45ED-9FC0-431EE1E615DE}.Release|Any CPU.Build.0 = Release|Any CPU
		{A7C41468-4AAF-45ED-9FC0-431EE1E615DE}.Release|ARM.ActiveCfg = Release|Any CPU
		{A7C41468-4AAF-45ED-9FC0-431EE1E615DE}.Release|ARM.Build.0 = Release|Any CPU
		{A7C41468-4AAF-45ED-9FC0-431EE1E615DE}.Release|x64.ActiveCfg = Release|Any CPU
		{A7C41468-4AAF-45ED-9FC0-431EE1E615DE}.Release|x64.Build.0 = Release|Any CPU
		{A7C41468-4AAF-45ED-9FC0-431EE1E615DE}.Release|x86.ActiveCfg = Release|Any CPU
		{A7C41468-4AAF-45ED-9FC0-431EE1E615DE}.Release|x86.Build.0 = Release|Any CPU
		{919D5A1C-C503-4315-8A1C-86D4A09440FD}.Debug|Any CPU.ActiveCfg = Debug|Any CPU
		{919D5A1C-C503-4315-8A1C-86D4A09440FD}.Debug|Any CPU.Build.0 = Debug|Any CPU
		{919D5A1C-C503-4315-8A1C-86D4A09440FD}.Debug|ARM.ActiveCfg = Debug|Any CPU
		{919D5A1C-C503-4315-8A1C-86D4A09440FD}.Debug|ARM.Build.0 = Debug|Any CPU
		{919D5A1C-C503-4315-8A1C-86D4A09440FD}.Debug|x64.ActiveCfg = Debug|Any CPU
		{919D5A1C-C503-4315-8A1C-86D4A09440FD}.Debug|x64.Build.0 = Debug|Any CPU
		{919D5A1C-C503-4315-8A1C-86D4A09440FD}.Debug|x86.ActiveCfg = Debug|Any CPU
		{919D5A1C-C503-4315-8A1C-86D4A09440FD}.Debug|x86.Build.0 = Debug|Any CPU
		{919D5A1C-C503-4315-8A1C-86D4A09440FD}.Release|Any CPU.ActiveCfg = Release|Any CPU
		{919D5A1C-C503-4315-8A1C-86D4A09440FD}.Release|Any CPU.Build.0 = Release|Any CPU
		{919D5A1C-C503-4315-8A1C-86D4A09440FD}.Release|ARM.ActiveCfg = Release|Any CPU
		{919D5A1C-C503-4315-8A1C-86D4A09440FD}.Release|ARM.Build.0 = Release|Any CPU
		{919D5A1C-C503-4315-8A1C-86D4A09440FD}.Release|x64.ActiveCfg = Release|Any CPU
		{919D5A1C-C503-4315-8A1C-86D4A09440FD}.Release|x64.Build.0 = Release|Any CPU
		{919D5A1C-C503-4315-8A1C-86D4A09440FD}.Release|x86.ActiveCfg = Release|Any CPU
		{919D5A1C-C503-4315-8A1C-86D4A09440FD}.Release|x86.Build.0 = Release|Any CPU
		{0090F411-3AF8-4DD3-810A-D8EFEA49E695}.Debug|Any CPU.ActiveCfg = Debug|Any CPU
		{0090F411-3AF8-4DD3-810A-D8EFEA49E695}.Debug|Any CPU.Build.0 = Debug|Any CPU
		{0090F411-3AF8-4DD3-810A-D8EFEA49E695}.Debug|ARM.ActiveCfg = Debug|Any CPU
		{0090F411-3AF8-4DD3-810A-D8EFEA49E695}.Debug|ARM.Build.0 = Debug|Any CPU
		{0090F411-3AF8-4DD3-810A-D8EFEA49E695}.Debug|x64.ActiveCfg = Debug|Any CPU
		{0090F411-3AF8-4DD3-810A-D8EFEA49E695}.Debug|x64.Build.0 = Debug|Any CPU
		{0090F411-3AF8-4DD3-810A-D8EFEA49E695}.Debug|x86.ActiveCfg = Debug|Any CPU
		{0090F411-3AF8-4DD3-810A-D8EFEA49E695}.Debug|x86.Build.0 = Debug|Any CPU
		{0090F411-3AF8-4DD3-810A-D8EFEA49E695}.Release|Any CPU.ActiveCfg = Release|Any CPU
		{0090F411-3AF8-4DD3-810A-D8EFEA49E695}.Release|Any CPU.Build.0 = Release|Any CPU
		{0090F411-3AF8-4DD3-810A-D8EFEA49E695}.Release|ARM.ActiveCfg = Release|Any CPU
		{0090F411-3AF8-4DD3-810A-D8EFEA49E695}.Release|ARM.Build.0 = Release|Any CPU
		{0090F411-3AF8-4DD3-810A-D8EFEA49E695}.Release|x64.ActiveCfg = Release|Any CPU
		{0090F411-3AF8-4DD3-810A-D8EFEA49E695}.Release|x64.Build.0 = Release|Any CPU
		{0090F411-3AF8-4DD3-810A-D8EFEA49E695}.Release|x86.ActiveCfg = Release|Any CPU
		{0090F411-3AF8-4DD3-810A-D8EFEA49E695}.Release|x86.Build.0 = Release|Any CPU
	EndGlobalSection
	GlobalSection(SolutionProperties) = preSolution
		HideSolutionNode = FALSE
	EndGlobalSection
	GlobalSection(NestedProjects) = preSolution
		{A7C41468-4AAF-45ED-9FC0-431EE1E615DE} = {81A6A60C-0928-4EA0-956A-865E62E2702F}
		{919D5A1C-C503-4315-8A1C-86D4A09440FD} = {05DDD473-BED7-4C20-AF13-939CB0396C1F}
		{0090F411-3AF8-4DD3-810A-D8EFEA49E695} = {05DDD473-BED7-4C20-AF13-939CB0396C1F}
	EndGlobalSection
EndGlobal
