
Microsoft Visual Studio Solution File, Format Version 12.00
# Visual Studio 14
VisualStudioVersion = 14.0.22823.1
MinimumVisualStudioVersion = 10.0.40219.1
Project("{FAE04EC0-301F-11D3-BF4B-00C04F79EFBC}") = "fIT.WebApi", "fIT.WebApi\fIT.WebApi.csproj", "{3AF1357E-A90D-4B45-A542-9E4F6EACE3BC}"
EndProject
Project("{FAE04EC0-301F-11D3-BF4B-00C04F79EFBC}") = "fIT.WebApi.Tests", "fIT.WebApi.Tests\fIT.WebApi.Tests.csproj", "{0090F411-3AF8-4DD3-810A-D8EFEA49E695}"
EndProject
Global
	GlobalSection(SolutionConfigurationPlatforms) = preSolution
		Debug|Any CPU = Debug|Any CPU
		Debug|ARM = Debug|ARM
		Debug|x64 = Debug|x64
		Debug|x86 = Debug|x86
		Release|Any CPU = Release|Any CPU
		Release|ARM = Release|ARM
		Release|x64 = Release|x64
		Release|x86 = Release|x86
	EndGlobalSection
	GlobalSection(ProjectConfigurationPlatforms) = postSolution
		{3AF1357E-A90D-4B45-A542-9E4F6EACE3BC}.Debug|Any CPU.ActiveCfg = Debug|Any CPU
		{3AF1357E-A90D-4B45-A542-9E4F6EACE3BC}.Debug|Any CPU.Build.0 = Debug|Any CPU
		{3AF1357E-A90D-4B45-A542-9E4F6EACE3BC}.Debug|ARM.ActiveCfg = Debug|Any CPU
		{3AF1357E-A90D-4B45-A542-9E4F6EACE3BC}.Debug|ARM.Build.0 = Debug|Any CPU
		{3AF1357E-A90D-4B45-A542-9E4F6EACE3BC}.Debug|x64.ActiveCfg = Debug|Any CPU
		{3AF1357E-A90D-4B45-A542-9E4F6EACE3BC}.Debug|x64.Build.0 = Debug|Any CPU
		{3AF1357E-A90D-4B45-A542-9E4F6EACE3BC}.Debug|x86.ActiveCfg = Debug|Any CPU
		{3AF1357E-A90D-4B45-A542-9E4F6EACE3BC}.Debug|x86.Build.0 = Debug|Any CPU
		{3AF1357E-A90D-4B45-A542-9E4F6EACE3BC}.Release|Any CPU.ActiveCfg = Release|Any CPU
		{3AF1357E-A90D-4B45-A542-9E4F6EACE3BC}.Release|Any CPU.Build.0 = Release|Any CPU
		{3AF1357E-A90D-4B45-A542-9E4F6EACE3BC}.Release|ARM.ActiveCfg = Release|Any CPU
		{3AF1357E-A90D-4B45-A542-9E4F6EACE3BC}.Release|ARM.Build.0 = Release|Any CPU
		{3AF1357E-A90D-4B45-A542-9E4F6EACE3BC}.Release|x64.ActiveCfg = Release|Any CPU
		{3AF1357E-A90D-4B45-A542-9E4F6EACE3BC}.Release|x64.Build.0 = Release|Any CPU
		{3AF1357E-A90D-4B45-A542-9E4F6EACE3BC}.Release|x86.ActiveCfg = Release|Any CPU
		{3AF1357E-A90D-4B45-A542-9E4F6EACE3BC}.Release|x86.Build.0 = Release|Any CPU
		{0090F411-3AF8-4DD3-810A-D8EFEA49E695}.Debug|Any CPU.ActiveCfg = Debug|Any CPU
		{0090F411-3AF8-4DD3-810A-D8EFEA49E695}.Debug|Any CPU.Build.0 = Debug|Any CPU
		{0090F411-3AF8-4DD3-810A-D8EFEA49E695}.Debug|ARM.ActiveCfg = Debug|Any CPU
		{0090F411-3AF8-4DD3-810A-D8EFEA49E695}.Debug|ARM.Build.0 = Debug|Any CPU
		{0090F411-3AF8-4DD3-810A-D8EFEA49E695}.Debug|x64.ActiveCfg = Debug|Any CPU
		{0090F411-3AF8-4DD3-810A-D8EFEA49E695}.Debug|x64.Build.0 = Debug|Any CPU
		{0090F411-3AF8-4DD3-810A-D8EFEA49E695}.Debug|x86.ActiveCfg = Debug|Any CPU
		{0090F411-3AF8-4DD3-810A-D8EFEA49E695}.Debug|x86.Build.0 = Debug|Any CPU
		{0090F411-3AF8-4DD3-810A-D8EFEA49E695}.Release|Any CPU.ActiveCfg = Release|Any CPU
		{0090F411-3AF8-4DD3-810A-D8EFEA49E695}.Release|Any CPU.Build.0 = Release|Any CPU
		{0090F411-3AF8-4DD3-810A-D8EFEA49E695}.Release|ARM.ActiveCfg = Release|Any CPU
		{0090F411-3AF8-4DD3-810A-D8EFEA49E695}.Release|ARM.Build.0 = Release|Any CPU
		{0090F411-3AF8-4DD3-810A-D8EFEA49E695}.Release|x64.ActiveCfg = Release|Any CPU
		{0090F411-3AF8-4DD3-810A-D8EFEA49E695}.Release|x64.Build.0 = Release|Any CPU
		{0090F411-3AF8-4DD3-810A-D8EFEA49E695}.Release|x86.ActiveCfg = Release|Any CPU
		{0090F411-3AF8-4DD3-810A-D8EFEA49E695}.Release|x86.Build.0 = Release|Any CPU
	EndGlobalSection
	GlobalSection(SolutionProperties) = preSolution
		HideSolutionNode = FALSE
	EndGlobalSection
EndGlobal
