
Microsoft Visual Studio Solution File, Format Version 12.00
# Visual Studio 14
VisualStudioVersion = 14.0.25123.0
MinimumVisualStudioVersion = 10.0.40219.1
Project("{2150E333-8FDC-42A3-9474-1A3956D46DE8}") = "Server", "Server", "{05DDD473-BED7-4C20-AF13-939CB0396C1F}"
EndProject
Project("{2150E333-8FDC-42A3-9474-1A3956D46DE8}") = "App", "App", "{3D03A230-33AA-4EEE-9D2E-F60D5D5D5981}"
EndProject
Project("{2150E333-8FDC-42A3-9474-1A3956D46DE8}") = "SPA", "SPA", "{DBECD4BC-F5A9-4250-A5A4-A76C259F3905}"
EndProject
Project("{2150E333-8FDC-42A3-9474-1A3956D46DE8}") = "Dokumente", "Dokumente", "{81A6A60C-0928-4EA0-956A-865E62E2702F}"
EndProject
Project("{FAE04EC0-301F-11D3-BF4B-00C04F79EFBC}") = "fIT.Documents", "fIT.Documents\fIT.Documents.csproj", "{A7C41468-4AAF-45ED-9FC0-431EE1E615DE}"
EndProject
Project("{FAE04EC0-301F-11D3-BF4B-00C04F79EFBC}") = "fIT.WebApi", "fIT.WebApi\fIT.WebApi.csproj", "{919D5A1C-C503-4315-8A1C-86D4A09440FD}"
EndProject
Project("{FAE04EC0-301F-11D3-BF4B-00C04F79EFBC}") = "fITNat", "fITNat\fITNat.csproj", "{5DDB3987-9753-425A-907F-C3F5665C1204}"
EndProject
Project("{FAE04EC0-301F-11D3-BF4B-00C04F79EFBC}") = "fIT.WebApi.Client.Portable", "fIT.WebApi.Client.Portable\fIT.WebApi.Client.Portable.csproj", "{E1834616-BA49-4FDC-99B3-B77485FF659E}"
EndProject
Project("{FAE04EC0-301F-11D3-BF4B-00C04F79EFBC}") = "fIT. WebApi.Client.Data", "fIT. WebApi.Client.Data\fIT. WebApi.Client.Data.csproj", "{73379EA7-55C0-4BDD-86A6-097B577D4DA9}"
EndProject
Project("{FAE04EC0-301F-11D3-BF4B-00C04F79EFBC}") = "fIT.WebApi.Client.Portable.Tests", "fIT.WebApi.Client.Portable.Tests\fIT.WebApi.Client.Portable.Tests.csproj", "{89015FD5-BBDF-4E88-9E56-76CEF61BD62A}"
EndProject
Project("{2150E333-8FDC-42A3-9474-1A3956D46DE8}") = "PublishScripts", "PublishScripts", "{080A7B69-51F8-464F-B571-2108F58E06B0}"
	ProjectSection(SolutionItems) = preProject
		PublishScripts\AzureWebsitePublishModule.psm1 = PublishScripts\AzureWebsitePublishModule.psm1
		PublishScripts\Publish-WebApplicationWebsite.ps1 = PublishScripts\Publish-WebApplicationWebsite.ps1
	EndProjectSection
EndProject
Project("{2150E333-8FDC-42A3-9474-1A3956D46DE8}") = "Configurations", "Configurations", "{7DAC4516-6C55-4E2E-94C1-8E987E1D6FBC}"
	ProjectSection(SolutionItems) = preProject
		PublishScripts\Configurations\fITSPA-WAWS-dev-2.json = PublishScripts\Configurations\fITSPA-WAWS-dev-2.json
		PublishScripts\Configurations\fITSPA-WAWS-dev.json = PublishScripts\Configurations\fITSPA-WAWS-dev.json
	EndProjectSection
EndProject
Project("{FAE04EC0-301F-11D3-BF4B-00C04F79EFBC}") = "fIT.SPA", "fIT.SPA\fIT.SPA.csproj", "{9ECA6A71-B1B7-4B79-9585-F9A59BDAB9A7}"
EndProject
Project("{2150E333-8FDC-42A3-9474-1A3956D46DE8}") = "Android.Native", "Android.Native", "{F8A05482-62A7-47C4-B06A-A9F940F90DD3}"
EndProject
Project("{2150E333-8FDC-42A3-9474-1A3956D46DE8}") = "CrossPlattform", "CrossPlattform", "{0D00DFDE-1E21-40E8-9F6A-94D70DC12CA0}"
EndProject
Project("{FAE04EC0-301F-11D3-BF4B-00C04F79EFBC}") = "fIT.App.Droid", "fIT.App\fIT.App.Droid\fIT.App.Droid.csproj", "{488A7DC4-B21C-48E5-8988-104EB72095E5}"
EndProject
Project("{FAE04EC0-301F-11D3-BF4B-00C04F79EFBC}") = "fIT.App.iOS", "fIT.App\fIT.App.iOS\fIT.App.iOS.csproj", "{6EBAD5BA-6983-4AE1-B97C-E4DB2B0FB7A6}"
EndProject
Project("{FAE04EC0-301F-11D3-BF4B-00C04F79EFBC}") = "fIT.App.UWP", "fIT.App\fIT.App.UWP\fIT.App.UWP.csproj", "{4FAD9137-7450-4BED-B6F3-9095471CC822}"
EndProject
Project("{FAE04EC0-301F-11D3-BF4B-00C04F79EFBC}") = "fIT.App.Windows", "fIT.App\fIT.App.Windows\fIT.App.Windows.csproj", "{CB640CDF-8023-4CEB-8D57-BC07E753C076}"
EndProject
Project("{FAE04EC0-301F-11D3-BF4B-00C04F79EFBC}") = "fIT.App", "fIT.App\fIT.App\fIT.App.csproj", "{AA658516-2CDE-449C-AC02-7C8890A10525}"
EndProject
Project("{FAE04EC0-301F-11D3-BF4B-00C04F79EFBC}") = "fIT.App.Resources", "fIT.App.Resources\fIT.App.Resources.csproj", "{C4E23AA5-1073-4507-B50C-A247920A9858}"
EndProject
Global
	GlobalSection(SolutionConfigurationPlatforms) = preSolution
		Ad-Hoc|Any CPU = Ad-Hoc|Any CPU
		Ad-Hoc|ARM = Ad-Hoc|ARM
		Ad-Hoc|iPhone = Ad-Hoc|iPhone
		Ad-Hoc|iPhoneSimulator = Ad-Hoc|iPhoneSimulator
		Ad-Hoc|x64 = Ad-Hoc|x64
		Ad-Hoc|x86 = Ad-Hoc|x86
		AppStore|Any CPU = AppStore|Any CPU
		AppStore|ARM = AppStore|ARM
		AppStore|iPhone = AppStore|iPhone
		AppStore|iPhoneSimulator = AppStore|iPhoneSimulator
		AppStore|x64 = AppStore|x64
		AppStore|x86 = AppStore|x86
		Debug|Any CPU = Debug|Any CPU
		Debug|ARM = Debug|ARM
		Debug|iPhone = Debug|iPhone
		Debug|iPhoneSimulator = Debug|iPhoneSimulator
		Debug|x64 = Debug|x64
		Debug|x86 = Debug|x86
		Release|Any CPU = Release|Any CPU
		Release|ARM = Release|ARM
		Release|iPhone = Release|iPhone
		Release|iPhoneSimulator = Release|iPhoneSimulator
		Release|x64 = Release|x64
		Release|x86 = Release|x86
	EndGlobalSection
	GlobalSection(ProjectConfigurationPlatforms) = postSolution
		{A7C41468-4AAF-45ED-9FC0-431EE1E615DE}.Ad-Hoc|Any CPU.ActiveCfg = Release|Any CPU
		{A7C41468-4AAF-45ED-9FC0-431EE1E615DE}.Ad-Hoc|Any CPU.Build.0 = Release|Any CPU
		{A7C41468-4AAF-45ED-9FC0-431EE1E615DE}.Ad-Hoc|ARM.ActiveCfg = Release|Any CPU
		{A7C41468-4AAF-45ED-9FC0-431EE1E615DE}.Ad-Hoc|ARM.Build.0 = Release|Any CPU
		{A7C41468-4AAF-45ED-9FC0-431EE1E615DE}.Ad-Hoc|iPhone.ActiveCfg = Release|Any CPU
		{A7C41468-4AAF-45ED-9FC0-431EE1E615DE}.Ad-Hoc|iPhone.Build.0 = Release|Any CPU
		{A7C41468-4AAF-45ED-9FC0-431EE1E615DE}.Ad-Hoc|iPhoneSimulator.ActiveCfg = Release|Any CPU
		{A7C41468-4AAF-45ED-9FC0-431EE1E615DE}.Ad-Hoc|iPhoneSimulator.Build.0 = Release|Any CPU
		{A7C41468-4AAF-45ED-9FC0-431EE1E615DE}.Ad-Hoc|x64.ActiveCfg = Release|Any CPU
		{A7C41468-4AAF-45ED-9FC0-431EE1E615DE}.Ad-Hoc|x64.Build.0 = Release|Any CPU
		{A7C41468-4AAF-45ED-9FC0-431EE1E615DE}.Ad-Hoc|x86.ActiveCfg = Release|Any CPU
		{A7C41468-4AAF-45ED-9FC0-431EE1E615DE}.Ad-Hoc|x86.Build.0 = Release|Any CPU
		{A7C41468-4AAF-45ED-9FC0-431EE1E615DE}.AppStore|Any CPU.ActiveCfg = Release|Any CPU
		{A7C41468-4AAF-45ED-9FC0-431EE1E615DE}.AppStore|Any CPU.Build.0 = Release|Any CPU
		{A7C41468-4AAF-45ED-9FC0-431EE1E615DE}.AppStore|ARM.ActiveCfg = Release|Any CPU
		{A7C41468-4AAF-45ED-9FC0-431EE1E615DE}.AppStore|ARM.Build.0 = Release|Any CPU
		{A7C41468-4AAF-45ED-9FC0-431EE1E615DE}.AppStore|iPhone.ActiveCfg = Release|Any CPU
		{A7C41468-4AAF-45ED-9FC0-431EE1E615DE}.AppStore|iPhone.Build.0 = Release|Any CPU
		{A7C41468-4AAF-45ED-9FC0-431EE1E615DE}.AppStore|iPhoneSimulator.ActiveCfg = Release|Any CPU
		{A7C41468-4AAF-45ED-9FC0-431EE1E615DE}.AppStore|iPhoneSimulator.Build.0 = Release|Any CPU
		{A7C41468-4AAF-45ED-9FC0-431EE1E615DE}.AppStore|x64.ActiveCfg = Release|Any CPU
		{A7C41468-4AAF-45ED-9FC0-431EE1E615DE}.AppStore|x64.Build.0 = Release|Any CPU
		{A7C41468-4AAF-45ED-9FC0-431EE1E615DE}.AppStore|x86.ActiveCfg = Release|Any CPU
		{A7C41468-4AAF-45ED-9FC0-431EE1E615DE}.AppStore|x86.Build.0 = Release|Any CPU
		{A7C41468-4AAF-45ED-9FC0-431EE1E615DE}.Debug|Any CPU.ActiveCfg = Debug|Any CPU
		{A7C41468-4AAF-45ED-9FC0-431EE1E615DE}.Debug|Any CPU.Build.0 = Debug|Any CPU
		{A7C41468-4AAF-45ED-9FC0-431EE1E615DE}.Debug|ARM.ActiveCfg = Debug|Any CPU
		{A7C41468-4AAF-45ED-9FC0-431EE1E615DE}.Debug|ARM.Build.0 = Debug|Any CPU
		{A7C41468-4AAF-45ED-9FC0-431EE1E615DE}.Debug|iPhone.ActiveCfg = Debug|Any CPU
		{A7C41468-4AAF-45ED-9FC0-431EE1E615DE}.Debug|iPhone.Build.0 = Debug|Any CPU
		{A7C41468-4AAF-45ED-9FC0-431EE1E615DE}.Debug|iPhoneSimulator.ActiveCfg = Debug|Any CPU
		{A7C41468-4AAF-45ED-9FC0-431EE1E615DE}.Debug|iPhoneSimulator.Build.0 = Debug|Any CPU
		{A7C41468-4AAF-45ED-9FC0-431EE1E615DE}.Debug|x64.ActiveCfg = Debug|Any CPU
		{A7C41468-4AAF-45ED-9FC0-431EE1E615DE}.Debug|x64.Build.0 = Debug|Any CPU
		{A7C41468-4AAF-45ED-9FC0-431EE1E615DE}.Debug|x86.ActiveCfg = Debug|Any CPU
		{A7C41468-4AAF-45ED-9FC0-431EE1E615DE}.Debug|x86.Build.0 = Debug|Any CPU
		{A7C41468-4AAF-45ED-9FC0-431EE1E615DE}.Release|Any CPU.ActiveCfg = Release|Any CPU
		{A7C41468-4AAF-45ED-9FC0-431EE1E615DE}.Release|Any CPU.Build.0 = Release|Any CPU
		{A7C41468-4AAF-45ED-9FC0-431EE1E615DE}.Release|ARM.ActiveCfg = Release|Any CPU
		{A7C41468-4AAF-45ED-9FC0-431EE1E615DE}.Release|ARM.Build.0 = Release|Any CPU
		{A7C41468-4AAF-45ED-9FC0-431EE1E615DE}.Release|iPhone.ActiveCfg = Release|Any CPU
		{A7C41468-4AAF-45ED-9FC0-431EE1E615DE}.Release|iPhone.Build.0 = Release|Any CPU
		{A7C41468-4AAF-45ED-9FC0-431EE1E615DE}.Release|iPhoneSimulator.ActiveCfg = Release|Any CPU
		{A7C41468-4AAF-45ED-9FC0-431EE1E615DE}.Release|iPhoneSimulator.Build.0 = Release|Any CPU
		{A7C41468-4AAF-45ED-9FC0-431EE1E615DE}.Release|x64.ActiveCfg = Release|Any CPU
		{A7C41468-4AAF-45ED-9FC0-431EE1E615DE}.Release|x64.Build.0 = Release|Any CPU
		{A7C41468-4AAF-45ED-9FC0-431EE1E615DE}.Release|x86.ActiveCfg = Release|Any CPU
		{A7C41468-4AAF-45ED-9FC0-431EE1E615DE}.Release|x86.Build.0 = Release|Any CPU
		{919D5A1C-C503-4315-8A1C-86D4A09440FD}.Ad-Hoc|Any CPU.ActiveCfg = Release|Any CPU
		{919D5A1C-C503-4315-8A1C-86D4A09440FD}.Ad-Hoc|Any CPU.Build.0 = Release|Any CPU
		{919D5A1C-C503-4315-8A1C-86D4A09440FD}.Ad-Hoc|ARM.ActiveCfg = Release|Any CPU
		{919D5A1C-C503-4315-8A1C-86D4A09440FD}.Ad-Hoc|ARM.Build.0 = Release|Any CPU
		{919D5A1C-C503-4315-8A1C-86D4A09440FD}.Ad-Hoc|iPhone.ActiveCfg = Release|Any CPU
		{919D5A1C-C503-4315-8A1C-86D4A09440FD}.Ad-Hoc|iPhone.Build.0 = Release|Any CPU
		{919D5A1C-C503-4315-8A1C-86D4A09440FD}.Ad-Hoc|iPhoneSimulator.ActiveCfg = Release|Any CPU
		{919D5A1C-C503-4315-8A1C-86D4A09440FD}.Ad-Hoc|iPhoneSimulator.Build.0 = Release|Any CPU
		{919D5A1C-C503-4315-8A1C-86D4A09440FD}.Ad-Hoc|x64.ActiveCfg = Release|Any CPU
		{919D5A1C-C503-4315-8A1C-86D4A09440FD}.Ad-Hoc|x64.Build.0 = Release|Any CPU
		{919D5A1C-C503-4315-8A1C-86D4A09440FD}.Ad-Hoc|x86.ActiveCfg = Release|Any CPU
		{919D5A1C-C503-4315-8A1C-86D4A09440FD}.Ad-Hoc|x86.Build.0 = Release|Any CPU
		{919D5A1C-C503-4315-8A1C-86D4A09440FD}.AppStore|Any CPU.ActiveCfg = Release|Any CPU
		{919D5A1C-C503-4315-8A1C-86D4A09440FD}.AppStore|Any CPU.Build.0 = Release|Any CPU
		{919D5A1C-C503-4315-8A1C-86D4A09440FD}.AppStore|ARM.ActiveCfg = Release|Any CPU
		{919D5A1C-C503-4315-8A1C-86D4A09440FD}.AppStore|ARM.Build.0 = Release|Any CPU
		{919D5A1C-C503-4315-8A1C-86D4A09440FD}.AppStore|iPhone.ActiveCfg = Release|Any CPU
		{919D5A1C-C503-4315-8A1C-86D4A09440FD}.AppStore|iPhone.Build.0 = Release|Any CPU
		{919D5A1C-C503-4315-8A1C-86D4A09440FD}.AppStore|iPhoneSimulator.ActiveCfg = Release|Any CPU
		{919D5A1C-C503-4315-8A1C-86D4A09440FD}.AppStore|iPhoneSimulator.Build.0 = Release|Any CPU
		{919D5A1C-C503-4315-8A1C-86D4A09440FD}.AppStore|x64.ActiveCfg = Release|Any CPU
		{919D5A1C-C503-4315-8A1C-86D4A09440FD}.AppStore|x64.Build.0 = Release|Any CPU
		{919D5A1C-C503-4315-8A1C-86D4A09440FD}.AppStore|x86.ActiveCfg = Release|Any CPU
		{919D5A1C-C503-4315-8A1C-86D4A09440FD}.AppStore|x86.Build.0 = Release|Any CPU
		{919D5A1C-C503-4315-8A1C-86D4A09440FD}.Debug|Any CPU.ActiveCfg = Debug|Any CPU
		{919D5A1C-C503-4315-8A1C-86D4A09440FD}.Debug|Any CPU.Build.0 = Debug|Any CPU
		{919D5A1C-C503-4315-8A1C-86D4A09440FD}.Debug|ARM.ActiveCfg = Debug|Any CPU
		{919D5A1C-C503-4315-8A1C-86D4A09440FD}.Debug|ARM.Build.0 = Debug|Any CPU
		{919D5A1C-C503-4315-8A1C-86D4A09440FD}.Debug|iPhone.ActiveCfg = Debug|Any CPU
		{919D5A1C-C503-4315-8A1C-86D4A09440FD}.Debug|iPhone.Build.0 = Debug|Any CPU
		{919D5A1C-C503-4315-8A1C-86D4A09440FD}.Debug|iPhoneSimulator.ActiveCfg = Debug|Any CPU
		{919D5A1C-C503-4315-8A1C-86D4A09440FD}.Debug|iPhoneSimulator.Build.0 = Debug|Any CPU
		{919D5A1C-C503-4315-8A1C-86D4A09440FD}.Debug|x64.ActiveCfg = Debug|Any CPU
		{919D5A1C-C503-4315-8A1C-86D4A09440FD}.Debug|x64.Build.0 = Debug|Any CPU
		{919D5A1C-C503-4315-8A1C-86D4A09440FD}.Debug|x86.ActiveCfg = Debug|Any CPU
		{919D5A1C-C503-4315-8A1C-86D4A09440FD}.Debug|x86.Build.0 = Debug|Any CPU
		{919D5A1C-C503-4315-8A1C-86D4A09440FD}.Release|Any CPU.ActiveCfg = Release|Any CPU
		{919D5A1C-C503-4315-8A1C-86D4A09440FD}.Release|Any CPU.Build.0 = Release|Any CPU
		{919D5A1C-C503-4315-8A1C-86D4A09440FD}.Release|ARM.ActiveCfg = Release|Any CPU
		{919D5A1C-C503-4315-8A1C-86D4A09440FD}.Release|ARM.Build.0 = Release|Any CPU
		{919D5A1C-C503-4315-8A1C-86D4A09440FD}.Release|iPhone.ActiveCfg = Release|Any CPU
		{919D5A1C-C503-4315-8A1C-86D4A09440FD}.Release|iPhone.Build.0 = Release|Any CPU
		{919D5A1C-C503-4315-8A1C-86D4A09440FD}.Release|iPhoneSimulator.ActiveCfg = Release|Any CPU
		{919D5A1C-C503-4315-8A1C-86D4A09440FD}.Release|iPhoneSimulator.Build.0 = Release|Any CPU
		{919D5A1C-C503-4315-8A1C-86D4A09440FD}.Release|x64.ActiveCfg = Release|Any CPU
		{919D5A1C-C503-4315-8A1C-86D4A09440FD}.Release|x64.Build.0 = Release|Any CPU
		{919D5A1C-C503-4315-8A1C-86D4A09440FD}.Release|x86.ActiveCfg = Release|Any CPU
		{919D5A1C-C503-4315-8A1C-86D4A09440FD}.Release|x86.Build.0 = Release|Any CPU
		{5DDB3987-9753-425A-907F-C3F5665C1204}.Ad-Hoc|Any CPU.ActiveCfg = Release|Any CPU
		{5DDB3987-9753-425A-907F-C3F5665C1204}.Ad-Hoc|Any CPU.Build.0 = Release|Any CPU
		{5DDB3987-9753-425A-907F-C3F5665C1204}.Ad-Hoc|Any CPU.Deploy.0 = Release|Any CPU
		{5DDB3987-9753-425A-907F-C3F5665C1204}.Ad-Hoc|ARM.ActiveCfg = Release|Any CPU
		{5DDB3987-9753-425A-907F-C3F5665C1204}.Ad-Hoc|ARM.Build.0 = Release|Any CPU
		{5DDB3987-9753-425A-907F-C3F5665C1204}.Ad-Hoc|ARM.Deploy.0 = Release|Any CPU
		{5DDB3987-9753-425A-907F-C3F5665C1204}.Ad-Hoc|iPhone.ActiveCfg = Release|Any CPU
		{5DDB3987-9753-425A-907F-C3F5665C1204}.Ad-Hoc|iPhone.Build.0 = Release|Any CPU
		{5DDB3987-9753-425A-907F-C3F5665C1204}.Ad-Hoc|iPhone.Deploy.0 = Release|Any CPU
		{5DDB3987-9753-425A-907F-C3F5665C1204}.Ad-Hoc|iPhoneSimulator.ActiveCfg = Release|Any CPU
		{5DDB3987-9753-425A-907F-C3F5665C1204}.Ad-Hoc|iPhoneSimulator.Build.0 = Release|Any CPU
		{5DDB3987-9753-425A-907F-C3F5665C1204}.Ad-Hoc|iPhoneSimulator.Deploy.0 = Release|Any CPU
		{5DDB3987-9753-425A-907F-C3F5665C1204}.Ad-Hoc|x64.ActiveCfg = Release|Any CPU
		{5DDB3987-9753-425A-907F-C3F5665C1204}.Ad-Hoc|x64.Build.0 = Release|Any CPU
		{5DDB3987-9753-425A-907F-C3F5665C1204}.Ad-Hoc|x64.Deploy.0 = Release|Any CPU
		{5DDB3987-9753-425A-907F-C3F5665C1204}.Ad-Hoc|x86.ActiveCfg = Release|Any CPU
		{5DDB3987-9753-425A-907F-C3F5665C1204}.Ad-Hoc|x86.Build.0 = Release|Any CPU
		{5DDB3987-9753-425A-907F-C3F5665C1204}.Ad-Hoc|x86.Deploy.0 = Release|Any CPU
		{5DDB3987-9753-425A-907F-C3F5665C1204}.AppStore|Any CPU.ActiveCfg = Release|Any CPU
		{5DDB3987-9753-425A-907F-C3F5665C1204}.AppStore|Any CPU.Build.0 = Release|Any CPU
		{5DDB3987-9753-425A-907F-C3F5665C1204}.AppStore|Any CPU.Deploy.0 = Release|Any CPU
		{5DDB3987-9753-425A-907F-C3F5665C1204}.AppStore|ARM.ActiveCfg = Release|Any CPU
		{5DDB3987-9753-425A-907F-C3F5665C1204}.AppStore|ARM.Build.0 = Release|Any CPU
		{5DDB3987-9753-425A-907F-C3F5665C1204}.AppStore|ARM.Deploy.0 = Release|Any CPU
		{5DDB3987-9753-425A-907F-C3F5665C1204}.AppStore|iPhone.ActiveCfg = Release|Any CPU
		{5DDB3987-9753-425A-907F-C3F5665C1204}.AppStore|iPhone.Build.0 = Release|Any CPU
		{5DDB3987-9753-425A-907F-C3F5665C1204}.AppStore|iPhone.Deploy.0 = Release|Any CPU
		{5DDB3987-9753-425A-907F-C3F5665C1204}.AppStore|iPhoneSimulator.ActiveCfg = Release|Any CPU
		{5DDB3987-9753-425A-907F-C3F5665C1204}.AppStore|iPhoneSimulator.Build.0 = Release|Any CPU
		{5DDB3987-9753-425A-907F-C3F5665C1204}.AppStore|iPhoneSimulator.Deploy.0 = Release|Any CPU
		{5DDB3987-9753-425A-907F-C3F5665C1204}.AppStore|x64.ActiveCfg = Release|Any CPU
		{5DDB3987-9753-425A-907F-C3F5665C1204}.AppStore|x64.Build.0 = Release|Any CPU
		{5DDB3987-9753-425A-907F-C3F5665C1204}.AppStore|x64.Deploy.0 = Release|Any CPU
		{5DDB3987-9753-425A-907F-C3F5665C1204}.AppStore|x86.ActiveCfg = Release|Any CPU
		{5DDB3987-9753-425A-907F-C3F5665C1204}.AppStore|x86.Build.0 = Release|Any CPU
		{5DDB3987-9753-425A-907F-C3F5665C1204}.AppStore|x86.Deploy.0 = Release|Any CPU
		{5DDB3987-9753-425A-907F-C3F5665C1204}.Debug|Any CPU.ActiveCfg = Debug|Any CPU
		{5DDB3987-9753-425A-907F-C3F5665C1204}.Debug|Any CPU.Build.0 = Debug|Any CPU
		{5DDB3987-9753-425A-907F-C3F5665C1204}.Debug|Any CPU.Deploy.0 = Debug|Any CPU
		{5DDB3987-9753-425A-907F-C3F5665C1204}.Debug|ARM.ActiveCfg = Debug|Any CPU
		{5DDB3987-9753-425A-907F-C3F5665C1204}.Debug|ARM.Build.0 = Debug|Any CPU
		{5DDB3987-9753-425A-907F-C3F5665C1204}.Debug|ARM.Deploy.0 = Debug|Any CPU
		{5DDB3987-9753-425A-907F-C3F5665C1204}.Debug|iPhone.ActiveCfg = Debug|Any CPU
		{5DDB3987-9753-425A-907F-C3F5665C1204}.Debug|iPhone.Build.0 = Debug|Any CPU
		{5DDB3987-9753-425A-907F-C3F5665C1204}.Debug|iPhone.Deploy.0 = Debug|Any CPU
		{5DDB3987-9753-425A-907F-C3F5665C1204}.Debug|iPhoneSimulator.ActiveCfg = Debug|Any CPU
		{5DDB3987-9753-425A-907F-C3F5665C1204}.Debug|iPhoneSimulator.Build.0 = Debug|Any CPU
		{5DDB3987-9753-425A-907F-C3F5665C1204}.Debug|iPhoneSimulator.Deploy.0 = Debug|Any CPU
		{5DDB3987-9753-425A-907F-C3F5665C1204}.Debug|x64.ActiveCfg = Debug|Any CPU
		{5DDB3987-9753-425A-907F-C3F5665C1204}.Debug|x64.Build.0 = Debug|Any CPU
		{5DDB3987-9753-425A-907F-C3F5665C1204}.Debug|x64.Deploy.0 = Debug|Any CPU
		{5DDB3987-9753-425A-907F-C3F5665C1204}.Debug|x86.ActiveCfg = Debug|Any CPU
		{5DDB3987-9753-425A-907F-C3F5665C1204}.Debug|x86.Build.0 = Debug|Any CPU
		{5DDB3987-9753-425A-907F-C3F5665C1204}.Debug|x86.Deploy.0 = Debug|Any CPU
		{5DDB3987-9753-425A-907F-C3F5665C1204}.Release|Any CPU.ActiveCfg = Release|Any CPU
		{5DDB3987-9753-425A-907F-C3F5665C1204}.Release|Any CPU.Build.0 = Release|Any CPU
		{5DDB3987-9753-425A-907F-C3F5665C1204}.Release|Any CPU.Deploy.0 = Release|Any CPU
		{5DDB3987-9753-425A-907F-C3F5665C1204}.Release|ARM.ActiveCfg = Release|Any CPU
		{5DDB3987-9753-425A-907F-C3F5665C1204}.Release|ARM.Build.0 = Release|Any CPU
		{5DDB3987-9753-425A-907F-C3F5665C1204}.Release|ARM.Deploy.0 = Release|Any CPU
		{5DDB3987-9753-425A-907F-C3F5665C1204}.Release|iPhone.ActiveCfg = Release|Any CPU
		{5DDB3987-9753-425A-907F-C3F5665C1204}.Release|iPhone.Build.0 = Release|Any CPU
		{5DDB3987-9753-425A-907F-C3F5665C1204}.Release|iPhone.Deploy.0 = Release|Any CPU
		{5DDB3987-9753-425A-907F-C3F5665C1204}.Release|iPhoneSimulator.ActiveCfg = Release|Any CPU
		{5DDB3987-9753-425A-907F-C3F5665C1204}.Release|iPhoneSimulator.Build.0 = Release|Any CPU
		{5DDB3987-9753-425A-907F-C3F5665C1204}.Release|iPhoneSimulator.Deploy.0 = Release|Any CPU
		{5DDB3987-9753-425A-907F-C3F5665C1204}.Release|x64.ActiveCfg = Release|Any CPU
		{5DDB3987-9753-425A-907F-C3F5665C1204}.Release|x64.Build.0 = Release|Any CPU
		{5DDB3987-9753-425A-907F-C3F5665C1204}.Release|x64.Deploy.0 = Release|Any CPU
		{5DDB3987-9753-425A-907F-C3F5665C1204}.Release|x86.ActiveCfg = Release|Any CPU
		{5DDB3987-9753-425A-907F-C3F5665C1204}.Release|x86.Build.0 = Release|Any CPU
		{5DDB3987-9753-425A-907F-C3F5665C1204}.Release|x86.Deploy.0 = Release|Any CPU
		{E1834616-BA49-4FDC-99B3-B77485FF659E}.Ad-Hoc|Any CPU.ActiveCfg = Release|Any CPU
		{E1834616-BA49-4FDC-99B3-B77485FF659E}.Ad-Hoc|Any CPU.Build.0 = Release|Any CPU
		{E1834616-BA49-4FDC-99B3-B77485FF659E}.Ad-Hoc|ARM.ActiveCfg = Release|Any CPU
		{E1834616-BA49-4FDC-99B3-B77485FF659E}.Ad-Hoc|ARM.Build.0 = Release|Any CPU
		{E1834616-BA49-4FDC-99B3-B77485FF659E}.Ad-Hoc|iPhone.ActiveCfg = Release|Any CPU
		{E1834616-BA49-4FDC-99B3-B77485FF659E}.Ad-Hoc|iPhone.Build.0 = Release|Any CPU
		{E1834616-BA49-4FDC-99B3-B77485FF659E}.Ad-Hoc|iPhoneSimulator.ActiveCfg = Release|Any CPU
		{E1834616-BA49-4FDC-99B3-B77485FF659E}.Ad-Hoc|iPhoneSimulator.Build.0 = Release|Any CPU
		{E1834616-BA49-4FDC-99B3-B77485FF659E}.Ad-Hoc|x64.ActiveCfg = Release|Any CPU
		{E1834616-BA49-4FDC-99B3-B77485FF659E}.Ad-Hoc|x64.Build.0 = Release|Any CPU
		{E1834616-BA49-4FDC-99B3-B77485FF659E}.Ad-Hoc|x86.ActiveCfg = Release|Any CPU
		{E1834616-BA49-4FDC-99B3-B77485FF659E}.Ad-Hoc|x86.Build.0 = Release|Any CPU
		{E1834616-BA49-4FDC-99B3-B77485FF659E}.AppStore|Any CPU.ActiveCfg = Release|Any CPU
		{E1834616-BA49-4FDC-99B3-B77485FF659E}.AppStore|Any CPU.Build.0 = Release|Any CPU
		{E1834616-BA49-4FDC-99B3-B77485FF659E}.AppStore|ARM.ActiveCfg = Release|Any CPU
		{E1834616-BA49-4FDC-99B3-B77485FF659E}.AppStore|ARM.Build.0 = Release|Any CPU
		{E1834616-BA49-4FDC-99B3-B77485FF659E}.AppStore|iPhone.ActiveCfg = Release|Any CPU
		{E1834616-BA49-4FDC-99B3-B77485FF659E}.AppStore|iPhone.Build.0 = Release|Any CPU
		{E1834616-BA49-4FDC-99B3-B77485FF659E}.AppStore|iPhoneSimulator.ActiveCfg = Release|Any CPU
		{E1834616-BA49-4FDC-99B3-B77485FF659E}.AppStore|iPhoneSimulator.Build.0 = Release|Any CPU
		{E1834616-BA49-4FDC-99B3-B77485FF659E}.AppStore|x64.ActiveCfg = Release|Any CPU
		{E1834616-BA49-4FDC-99B3-B77485FF659E}.AppStore|x64.Build.0 = Release|Any CPU
		{E1834616-BA49-4FDC-99B3-B77485FF659E}.AppStore|x86.ActiveCfg = Release|Any CPU
		{E1834616-BA49-4FDC-99B3-B77485FF659E}.AppStore|x86.Build.0 = Release|Any CPU
		{E1834616-BA49-4FDC-99B3-B77485FF659E}.Debug|Any CPU.ActiveCfg = Debug|Any CPU
		{E1834616-BA49-4FDC-99B3-B77485FF659E}.Debug|Any CPU.Build.0 = Debug|Any CPU
		{E1834616-BA49-4FDC-99B3-B77485FF659E}.Debug|ARM.ActiveCfg = Debug|Any CPU
		{E1834616-BA49-4FDC-99B3-B77485FF659E}.Debug|ARM.Build.0 = Debug|Any CPU
		{E1834616-BA49-4FDC-99B3-B77485FF659E}.Debug|iPhone.ActiveCfg = Debug|Any CPU
		{E1834616-BA49-4FDC-99B3-B77485FF659E}.Debug|iPhone.Build.0 = Debug|Any CPU
		{E1834616-BA49-4FDC-99B3-B77485FF659E}.Debug|iPhoneSimulator.ActiveCfg = Debug|Any CPU
		{E1834616-BA49-4FDC-99B3-B77485FF659E}.Debug|iPhoneSimulator.Build.0 = Debug|Any CPU
		{E1834616-BA49-4FDC-99B3-B77485FF659E}.Debug|x64.ActiveCfg = Debug|Any CPU
		{E1834616-BA49-4FDC-99B3-B77485FF659E}.Debug|x64.Build.0 = Debug|Any CPU
		{E1834616-BA49-4FDC-99B3-B77485FF659E}.Debug|x86.ActiveCfg = Debug|Any CPU
		{E1834616-BA49-4FDC-99B3-B77485FF659E}.Debug|x86.Build.0 = Debug|Any CPU
		{E1834616-BA49-4FDC-99B3-B77485FF659E}.Release|Any CPU.ActiveCfg = Release|Any CPU
		{E1834616-BA49-4FDC-99B3-B77485FF659E}.Release|Any CPU.Build.0 = Release|Any CPU
		{E1834616-BA49-4FDC-99B3-B77485FF659E}.Release|ARM.ActiveCfg = Release|Any CPU
		{E1834616-BA49-4FDC-99B3-B77485FF659E}.Release|ARM.Build.0 = Release|Any CPU
		{E1834616-BA49-4FDC-99B3-B77485FF659E}.Release|iPhone.ActiveCfg = Release|Any CPU
		{E1834616-BA49-4FDC-99B3-B77485FF659E}.Release|iPhone.Build.0 = Release|Any CPU
		{E1834616-BA49-4FDC-99B3-B77485FF659E}.Release|iPhoneSimulator.ActiveCfg = Release|Any CPU
		{E1834616-BA49-4FDC-99B3-B77485FF659E}.Release|iPhoneSimulator.Build.0 = Release|Any CPU
		{E1834616-BA49-4FDC-99B3-B77485FF659E}.Release|x64.ActiveCfg = Release|Any CPU
		{E1834616-BA49-4FDC-99B3-B77485FF659E}.Release|x64.Build.0 = Release|Any CPU
		{E1834616-BA49-4FDC-99B3-B77485FF659E}.Release|x86.ActiveCfg = Release|Any CPU
		{E1834616-BA49-4FDC-99B3-B77485FF659E}.Release|x86.Build.0 = Release|Any CPU
		{73379EA7-55C0-4BDD-86A6-097B577D4DA9}.Ad-Hoc|Any CPU.ActiveCfg = Release|Any CPU
		{73379EA7-55C0-4BDD-86A6-097B577D4DA9}.Ad-Hoc|Any CPU.Build.0 = Release|Any CPU
		{73379EA7-55C0-4BDD-86A6-097B577D4DA9}.Ad-Hoc|ARM.ActiveCfg = Release|Any CPU
		{73379EA7-55C0-4BDD-86A6-097B577D4DA9}.Ad-Hoc|ARM.Build.0 = Release|Any CPU
		{73379EA7-55C0-4BDD-86A6-097B577D4DA9}.Ad-Hoc|iPhone.ActiveCfg = Release|Any CPU
		{73379EA7-55C0-4BDD-86A6-097B577D4DA9}.Ad-Hoc|iPhone.Build.0 = Release|Any CPU
		{73379EA7-55C0-4BDD-86A6-097B577D4DA9}.Ad-Hoc|iPhoneSimulator.ActiveCfg = Release|Any CPU
		{73379EA7-55C0-4BDD-86A6-097B577D4DA9}.Ad-Hoc|iPhoneSimulator.Build.0 = Release|Any CPU
		{73379EA7-55C0-4BDD-86A6-097B577D4DA9}.Ad-Hoc|x64.ActiveCfg = Release|Any CPU
		{73379EA7-55C0-4BDD-86A6-097B577D4DA9}.Ad-Hoc|x64.Build.0 = Release|Any CPU
		{73379EA7-55C0-4BDD-86A6-097B577D4DA9}.Ad-Hoc|x86.ActiveCfg = Release|Any CPU
		{73379EA7-55C0-4BDD-86A6-097B577D4DA9}.Ad-Hoc|x86.Build.0 = Release|Any CPU
		{73379EA7-55C0-4BDD-86A6-097B577D4DA9}.AppStore|Any CPU.ActiveCfg = Release|Any CPU
		{73379EA7-55C0-4BDD-86A6-097B577D4DA9}.AppStore|Any CPU.Build.0 = Release|Any CPU
		{73379EA7-55C0-4BDD-86A6-097B577D4DA9}.AppStore|ARM.ActiveCfg = Release|Any CPU
		{73379EA7-55C0-4BDD-86A6-097B577D4DA9}.AppStore|ARM.Build.0 = Release|Any CPU
		{73379EA7-55C0-4BDD-86A6-097B577D4DA9}.AppStore|iPhone.ActiveCfg = Release|Any CPU
		{73379EA7-55C0-4BDD-86A6-097B577D4DA9}.AppStore|iPhone.Build.0 = Release|Any CPU
		{73379EA7-55C0-4BDD-86A6-097B577D4DA9}.AppStore|iPhoneSimulator.ActiveCfg = Release|Any CPU
		{73379EA7-55C0-4BDD-86A6-097B577D4DA9}.AppStore|iPhoneSimulator.Build.0 = Release|Any CPU
		{73379EA7-55C0-4BDD-86A6-097B577D4DA9}.AppStore|x64.ActiveCfg = Release|Any CPU
		{73379EA7-55C0-4BDD-86A6-097B577D4DA9}.AppStore|x64.Build.0 = Release|Any CPU
		{73379EA7-55C0-4BDD-86A6-097B577D4DA9}.AppStore|x86.ActiveCfg = Release|Any CPU
		{73379EA7-55C0-4BDD-86A6-097B577D4DA9}.AppStore|x86.Build.0 = Release|Any CPU
		{73379EA7-55C0-4BDD-86A6-097B577D4DA9}.Debug|Any CPU.ActiveCfg = Debug|Any CPU
		{73379EA7-55C0-4BDD-86A6-097B577D4DA9}.Debug|Any CPU.Build.0 = Debug|Any CPU
		{73379EA7-55C0-4BDD-86A6-097B577D4DA9}.Debug|ARM.ActiveCfg = Debug|Any CPU
		{73379EA7-55C0-4BDD-86A6-097B577D4DA9}.Debug|ARM.Build.0 = Debug|Any CPU
		{73379EA7-55C0-4BDD-86A6-097B577D4DA9}.Debug|iPhone.ActiveCfg = Debug|Any CPU
		{73379EA7-55C0-4BDD-86A6-097B577D4DA9}.Debug|iPhone.Build.0 = Debug|Any CPU
		{73379EA7-55C0-4BDD-86A6-097B577D4DA9}.Debug|iPhoneSimulator.ActiveCfg = Debug|Any CPU
		{73379EA7-55C0-4BDD-86A6-097B577D4DA9}.Debug|iPhoneSimulator.Build.0 = Debug|Any CPU
		{73379EA7-55C0-4BDD-86A6-097B577D4DA9}.Debug|x64.ActiveCfg = Debug|Any CPU
		{73379EA7-55C0-4BDD-86A6-097B577D4DA9}.Debug|x64.Build.0 = Debug|Any CPU
		{73379EA7-55C0-4BDD-86A6-097B577D4DA9}.Debug|x86.ActiveCfg = Debug|Any CPU
		{73379EA7-55C0-4BDD-86A6-097B577D4DA9}.Debug|x86.Build.0 = Debug|Any CPU
		{73379EA7-55C0-4BDD-86A6-097B577D4DA9}.Release|Any CPU.ActiveCfg = Release|Any CPU
		{73379EA7-55C0-4BDD-86A6-097B577D4DA9}.Release|Any CPU.Build.0 = Release|Any CPU
		{73379EA7-55C0-4BDD-86A6-097B577D4DA9}.Release|ARM.ActiveCfg = Release|Any CPU
		{73379EA7-55C0-4BDD-86A6-097B577D4DA9}.Release|ARM.Build.0 = Release|Any CPU
		{73379EA7-55C0-4BDD-86A6-097B577D4DA9}.Release|iPhone.ActiveCfg = Release|Any CPU
		{73379EA7-55C0-4BDD-86A6-097B577D4DA9}.Release|iPhone.Build.0 = Release|Any CPU
		{73379EA7-55C0-4BDD-86A6-097B577D4DA9}.Release|iPhoneSimulator.ActiveCfg = Release|Any CPU
		{73379EA7-55C0-4BDD-86A6-097B577D4DA9}.Release|iPhoneSimulator.Build.0 = Release|Any CPU
		{73379EA7-55C0-4BDD-86A6-097B577D4DA9}.Release|x64.ActiveCfg = Release|Any CPU
		{73379EA7-55C0-4BDD-86A6-097B577D4DA9}.Release|x64.Build.0 = Release|Any CPU
		{73379EA7-55C0-4BDD-86A6-097B577D4DA9}.Release|x86.ActiveCfg = Release|Any CPU
		{73379EA7-55C0-4BDD-86A6-097B577D4DA9}.Release|x86.Build.0 = Release|Any CPU
		{89015FD5-BBDF-4E88-9E56-76CEF61BD62A}.Ad-Hoc|Any CPU.ActiveCfg = Release|Any CPU
		{89015FD5-BBDF-4E88-9E56-76CEF61BD62A}.Ad-Hoc|Any CPU.Build.0 = Release|Any CPU
		{89015FD5-BBDF-4E88-9E56-76CEF61BD62A}.Ad-Hoc|ARM.ActiveCfg = Release|Any CPU
		{89015FD5-BBDF-4E88-9E56-76CEF61BD62A}.Ad-Hoc|ARM.Build.0 = Release|Any CPU
		{89015FD5-BBDF-4E88-9E56-76CEF61BD62A}.Ad-Hoc|iPhone.ActiveCfg = Release|Any CPU
		{89015FD5-BBDF-4E88-9E56-76CEF61BD62A}.Ad-Hoc|iPhone.Build.0 = Release|Any CPU
		{89015FD5-BBDF-4E88-9E56-76CEF61BD62A}.Ad-Hoc|iPhoneSimulator.ActiveCfg = Release|Any CPU
		{89015FD5-BBDF-4E88-9E56-76CEF61BD62A}.Ad-Hoc|iPhoneSimulator.Build.0 = Release|Any CPU
		{89015FD5-BBDF-4E88-9E56-76CEF61BD62A}.Ad-Hoc|x64.ActiveCfg = Release|Any CPU
		{89015FD5-BBDF-4E88-9E56-76CEF61BD62A}.Ad-Hoc|x64.Build.0 = Release|Any CPU
		{89015FD5-BBDF-4E88-9E56-76CEF61BD62A}.Ad-Hoc|x86.ActiveCfg = Release|Any CPU
		{89015FD5-BBDF-4E88-9E56-76CEF61BD62A}.Ad-Hoc|x86.Build.0 = Release|Any CPU
		{89015FD5-BBDF-4E88-9E56-76CEF61BD62A}.AppStore|Any CPU.ActiveCfg = Release|Any CPU
		{89015FD5-BBDF-4E88-9E56-76CEF61BD62A}.AppStore|Any CPU.Build.0 = Release|Any CPU
		{89015FD5-BBDF-4E88-9E56-76CEF61BD62A}.AppStore|ARM.ActiveCfg = Release|Any CPU
		{89015FD5-BBDF-4E88-9E56-76CEF61BD62A}.AppStore|ARM.Build.0 = Release|Any CPU
		{89015FD5-BBDF-4E88-9E56-76CEF61BD62A}.AppStore|iPhone.ActiveCfg = Release|Any CPU
		{89015FD5-BBDF-4E88-9E56-76CEF61BD62A}.AppStore|iPhone.Build.0 = Release|Any CPU
		{89015FD5-BBDF-4E88-9E56-76CEF61BD62A}.AppStore|iPhoneSimulator.ActiveCfg = Release|Any CPU
		{89015FD5-BBDF-4E88-9E56-76CEF61BD62A}.AppStore|iPhoneSimulator.Build.0 = Release|Any CPU
		{89015FD5-BBDF-4E88-9E56-76CEF61BD62A}.AppStore|x64.ActiveCfg = Release|Any CPU
		{89015FD5-BBDF-4E88-9E56-76CEF61BD62A}.AppStore|x64.Build.0 = Release|Any CPU
		{89015FD5-BBDF-4E88-9E56-76CEF61BD62A}.AppStore|x86.ActiveCfg = Release|Any CPU
		{89015FD5-BBDF-4E88-9E56-76CEF61BD62A}.AppStore|x86.Build.0 = Release|Any CPU
		{89015FD5-BBDF-4E88-9E56-76CEF61BD62A}.Debug|Any CPU.ActiveCfg = Debug|Any CPU
		{89015FD5-BBDF-4E88-9E56-76CEF61BD62A}.Debug|Any CPU.Build.0 = Debug|Any CPU
		{89015FD5-BBDF-4E88-9E56-76CEF61BD62A}.Debug|ARM.ActiveCfg = Debug|Any CPU
		{89015FD5-BBDF-4E88-9E56-76CEF61BD62A}.Debug|ARM.Build.0 = Debug|Any CPU
		{89015FD5-BBDF-4E88-9E56-76CEF61BD62A}.Debug|iPhone.ActiveCfg = Debug|Any CPU
		{89015FD5-BBDF-4E88-9E56-76CEF61BD62A}.Debug|iPhone.Build.0 = Debug|Any CPU
		{89015FD5-BBDF-4E88-9E56-76CEF61BD62A}.Debug|iPhoneSimulator.ActiveCfg = Debug|Any CPU
		{89015FD5-BBDF-4E88-9E56-76CEF61BD62A}.Debug|iPhoneSimulator.Build.0 = Debug|Any CPU
		{89015FD5-BBDF-4E88-9E56-76CEF61BD62A}.Debug|x64.ActiveCfg = Debug|Any CPU
		{89015FD5-BBDF-4E88-9E56-76CEF61BD62A}.Debug|x64.Build.0 = Debug|Any CPU
		{89015FD5-BBDF-4E88-9E56-76CEF61BD62A}.Debug|x86.ActiveCfg = Debug|Any CPU
		{89015FD5-BBDF-4E88-9E56-76CEF61BD62A}.Debug|x86.Build.0 = Debug|Any CPU
		{89015FD5-BBDF-4E88-9E56-76CEF61BD62A}.Release|Any CPU.ActiveCfg = Release|Any CPU
		{89015FD5-BBDF-4E88-9E56-76CEF61BD62A}.Release|Any CPU.Build.0 = Release|Any CPU
		{89015FD5-BBDF-4E88-9E56-76CEF61BD62A}.Release|ARM.ActiveCfg = Release|Any CPU
		{89015FD5-BBDF-4E88-9E56-76CEF61BD62A}.Release|ARM.Build.0 = Release|Any CPU
		{89015FD5-BBDF-4E88-9E56-76CEF61BD62A}.Release|iPhone.ActiveCfg = Release|Any CPU
		{89015FD5-BBDF-4E88-9E56-76CEF61BD62A}.Release|iPhone.Build.0 = Release|Any CPU
		{89015FD5-BBDF-4E88-9E56-76CEF61BD62A}.Release|iPhoneSimulator.ActiveCfg = Release|Any CPU
		{89015FD5-BBDF-4E88-9E56-76CEF61BD62A}.Release|iPhoneSimulator.Build.0 = Release|Any CPU
		{89015FD5-BBDF-4E88-9E56-76CEF61BD62A}.Release|x64.ActiveCfg = Release|Any CPU
		{89015FD5-BBDF-4E88-9E56-76CEF61BD62A}.Release|x64.Build.0 = Release|Any CPU
		{89015FD5-BBDF-4E88-9E56-76CEF61BD62A}.Release|x86.ActiveCfg = Release|Any CPU
		{89015FD5-BBDF-4E88-9E56-76CEF61BD62A}.Release|x86.Build.0 = Release|Any CPU
		{9ECA6A71-B1B7-4B79-9585-F9A59BDAB9A7}.Ad-Hoc|Any CPU.ActiveCfg = Release|Any CPU
		{9ECA6A71-B1B7-4B79-9585-F9A59BDAB9A7}.Ad-Hoc|Any CPU.Build.0 = Release|Any CPU
		{9ECA6A71-B1B7-4B79-9585-F9A59BDAB9A7}.Ad-Hoc|ARM.ActiveCfg = Release|Any CPU
		{9ECA6A71-B1B7-4B79-9585-F9A59BDAB9A7}.Ad-Hoc|ARM.Build.0 = Release|Any CPU
		{9ECA6A71-B1B7-4B79-9585-F9A59BDAB9A7}.Ad-Hoc|iPhone.ActiveCfg = Release|Any CPU
		{9ECA6A71-B1B7-4B79-9585-F9A59BDAB9A7}.Ad-Hoc|iPhone.Build.0 = Release|Any CPU
		{9ECA6A71-B1B7-4B79-9585-F9A59BDAB9A7}.Ad-Hoc|iPhoneSimulator.ActiveCfg = Release|Any CPU
		{9ECA6A71-B1B7-4B79-9585-F9A59BDAB9A7}.Ad-Hoc|iPhoneSimulator.Build.0 = Release|Any CPU
		{9ECA6A71-B1B7-4B79-9585-F9A59BDAB9A7}.Ad-Hoc|x64.ActiveCfg = Release|Any CPU
		{9ECA6A71-B1B7-4B79-9585-F9A59BDAB9A7}.Ad-Hoc|x64.Build.0 = Release|Any CPU
		{9ECA6A71-B1B7-4B79-9585-F9A59BDAB9A7}.Ad-Hoc|x86.ActiveCfg = Release|Any CPU
		{9ECA6A71-B1B7-4B79-9585-F9A59BDAB9A7}.Ad-Hoc|x86.Build.0 = Release|Any CPU
		{9ECA6A71-B1B7-4B79-9585-F9A59BDAB9A7}.AppStore|Any CPU.ActiveCfg = Release|Any CPU
		{9ECA6A71-B1B7-4B79-9585-F9A59BDAB9A7}.AppStore|Any CPU.Build.0 = Release|Any CPU
		{9ECA6A71-B1B7-4B79-9585-F9A59BDAB9A7}.AppStore|ARM.ActiveCfg = Release|Any CPU
		{9ECA6A71-B1B7-4B79-9585-F9A59BDAB9A7}.AppStore|ARM.Build.0 = Release|Any CPU
		{9ECA6A71-B1B7-4B79-9585-F9A59BDAB9A7}.AppStore|iPhone.ActiveCfg = Release|Any CPU
		{9ECA6A71-B1B7-4B79-9585-F9A59BDAB9A7}.AppStore|iPhone.Build.0 = Release|Any CPU
		{9ECA6A71-B1B7-4B79-9585-F9A59BDAB9A7}.AppStore|iPhoneSimulator.ActiveCfg = Release|Any CPU
		{9ECA6A71-B1B7-4B79-9585-F9A59BDAB9A7}.AppStore|iPhoneSimulator.Build.0 = Release|Any CPU
		{9ECA6A71-B1B7-4B79-9585-F9A59BDAB9A7}.AppStore|x64.ActiveCfg = Release|Any CPU
		{9ECA6A71-B1B7-4B79-9585-F9A59BDAB9A7}.AppStore|x64.Build.0 = Release|Any CPU
		{9ECA6A71-B1B7-4B79-9585-F9A59BDAB9A7}.AppStore|x86.ActiveCfg = Release|Any CPU
		{9ECA6A71-B1B7-4B79-9585-F9A59BDAB9A7}.AppStore|x86.Build.0 = Release|Any CPU
		{9ECA6A71-B1B7-4B79-9585-F9A59BDAB9A7}.Debug|Any CPU.ActiveCfg = Debug|Any CPU
		{9ECA6A71-B1B7-4B79-9585-F9A59BDAB9A7}.Debug|Any CPU.Build.0 = Debug|Any CPU
		{9ECA6A71-B1B7-4B79-9585-F9A59BDAB9A7}.Debug|ARM.ActiveCfg = Debug|Any CPU
		{9ECA6A71-B1B7-4B79-9585-F9A59BDAB9A7}.Debug|ARM.Build.0 = Debug|Any CPU
		{9ECA6A71-B1B7-4B79-9585-F9A59BDAB9A7}.Debug|iPhone.ActiveCfg = Debug|Any CPU
		{9ECA6A71-B1B7-4B79-9585-F9A59BDAB9A7}.Debug|iPhone.Build.0 = Debug|Any CPU
		{9ECA6A71-B1B7-4B79-9585-F9A59BDAB9A7}.Debug|iPhoneSimulator.ActiveCfg = Debug|Any CPU
		{9ECA6A71-B1B7-4B79-9585-F9A59BDAB9A7}.Debug|iPhoneSimulator.Build.0 = Debug|Any CPU
		{9ECA6A71-B1B7-4B79-9585-F9A59BDAB9A7}.Debug|x64.ActiveCfg = Debug|Any CPU
		{9ECA6A71-B1B7-4B79-9585-F9A59BDAB9A7}.Debug|x64.Build.0 = Debug|Any CPU
		{9ECA6A71-B1B7-4B79-9585-F9A59BDAB9A7}.Debug|x86.ActiveCfg = Debug|Any CPU
		{9ECA6A71-B1B7-4B79-9585-F9A59BDAB9A7}.Debug|x86.Build.0 = Debug|Any CPU
		{9ECA6A71-B1B7-4B79-9585-F9A59BDAB9A7}.Release|Any CPU.ActiveCfg = Release|Any CPU
		{9ECA6A71-B1B7-4B79-9585-F9A59BDAB9A7}.Release|Any CPU.Build.0 = Release|Any CPU
		{9ECA6A71-B1B7-4B79-9585-F9A59BDAB9A7}.Release|ARM.ActiveCfg = Release|Any CPU
		{9ECA6A71-B1B7-4B79-9585-F9A59BDAB9A7}.Release|ARM.Build.0 = Release|Any CPU
		{9ECA6A71-B1B7-4B79-9585-F9A59BDAB9A7}.Release|iPhone.ActiveCfg = Release|Any CPU
		{9ECA6A71-B1B7-4B79-9585-F9A59BDAB9A7}.Release|iPhone.Build.0 = Release|Any CPU
		{9ECA6A71-B1B7-4B79-9585-F9A59BDAB9A7}.Release|iPhoneSimulator.ActiveCfg = Release|Any CPU
		{9ECA6A71-B1B7-4B79-9585-F9A59BDAB9A7}.Release|iPhoneSimulator.Build.0 = Release|Any CPU
		{9ECA6A71-B1B7-4B79-9585-F9A59BDAB9A7}.Release|x64.ActiveCfg = Release|Any CPU
		{9ECA6A71-B1B7-4B79-9585-F9A59BDAB9A7}.Release|x64.Build.0 = Release|Any CPU
		{9ECA6A71-B1B7-4B79-9585-F9A59BDAB9A7}.Release|x86.ActiveCfg = Release|Any CPU
		{9ECA6A71-B1B7-4B79-9585-F9A59BDAB9A7}.Release|x86.Build.0 = Release|Any CPU
		{488A7DC4-B21C-48E5-8988-104EB72095E5}.Ad-Hoc|Any CPU.ActiveCfg = Release|Any CPU
		{488A7DC4-B21C-48E5-8988-104EB72095E5}.Ad-Hoc|Any CPU.Build.0 = Release|Any CPU
		{488A7DC4-B21C-48E5-8988-104EB72095E5}.Ad-Hoc|Any CPU.Deploy.0 = Release|Any CPU
		{488A7DC4-B21C-48E5-8988-104EB72095E5}.Ad-Hoc|ARM.ActiveCfg = Release|Any CPU
		{488A7DC4-B21C-48E5-8988-104EB72095E5}.Ad-Hoc|ARM.Build.0 = Release|Any CPU
		{488A7DC4-B21C-48E5-8988-104EB72095E5}.Ad-Hoc|ARM.Deploy.0 = Release|Any CPU
		{488A7DC4-B21C-48E5-8988-104EB72095E5}.Ad-Hoc|iPhone.ActiveCfg = Release|Any CPU
		{488A7DC4-B21C-48E5-8988-104EB72095E5}.Ad-Hoc|iPhone.Build.0 = Release|Any CPU
		{488A7DC4-B21C-48E5-8988-104EB72095E5}.Ad-Hoc|iPhone.Deploy.0 = Release|Any CPU
		{488A7DC4-B21C-48E5-8988-104EB72095E5}.Ad-Hoc|iPhoneSimulator.ActiveCfg = Release|Any CPU
		{488A7DC4-B21C-48E5-8988-104EB72095E5}.Ad-Hoc|iPhoneSimulator.Build.0 = Release|Any CPU
		{488A7DC4-B21C-48E5-8988-104EB72095E5}.Ad-Hoc|iPhoneSimulator.Deploy.0 = Release|Any CPU
		{488A7DC4-B21C-48E5-8988-104EB72095E5}.Ad-Hoc|x64.ActiveCfg = Release|Any CPU
		{488A7DC4-B21C-48E5-8988-104EB72095E5}.Ad-Hoc|x64.Build.0 = Release|Any CPU
		{488A7DC4-B21C-48E5-8988-104EB72095E5}.Ad-Hoc|x64.Deploy.0 = Release|Any CPU
		{488A7DC4-B21C-48E5-8988-104EB72095E5}.Ad-Hoc|x86.ActiveCfg = Release|Any CPU
		{488A7DC4-B21C-48E5-8988-104EB72095E5}.Ad-Hoc|x86.Build.0 = Release|Any CPU
		{488A7DC4-B21C-48E5-8988-104EB72095E5}.Ad-Hoc|x86.Deploy.0 = Release|Any CPU
		{488A7DC4-B21C-48E5-8988-104EB72095E5}.AppStore|Any CPU.ActiveCfg = Release|Any CPU
		{488A7DC4-B21C-48E5-8988-104EB72095E5}.AppStore|Any CPU.Build.0 = Release|Any CPU
		{488A7DC4-B21C-48E5-8988-104EB72095E5}.AppStore|Any CPU.Deploy.0 = Release|Any CPU
		{488A7DC4-B21C-48E5-8988-104EB72095E5}.AppStore|ARM.ActiveCfg = Release|Any CPU
		{488A7DC4-B21C-48E5-8988-104EB72095E5}.AppStore|ARM.Build.0 = Release|Any CPU
		{488A7DC4-B21C-48E5-8988-104EB72095E5}.AppStore|ARM.Deploy.0 = Release|Any CPU
		{488A7DC4-B21C-48E5-8988-104EB72095E5}.AppStore|iPhone.ActiveCfg = Release|Any CPU
		{488A7DC4-B21C-48E5-8988-104EB72095E5}.AppStore|iPhone.Build.0 = Release|Any CPU
		{488A7DC4-B21C-48E5-8988-104EB72095E5}.AppStore|iPhone.Deploy.0 = Release|Any CPU
		{488A7DC4-B21C-48E5-8988-104EB72095E5}.AppStore|iPhoneSimulator.ActiveCfg = Release|Any CPU
		{488A7DC4-B21C-48E5-8988-104EB72095E5}.AppStore|iPhoneSimulator.Build.0 = Release|Any CPU
		{488A7DC4-B21C-48E5-8988-104EB72095E5}.AppStore|iPhoneSimulator.Deploy.0 = Release|Any CPU
		{488A7DC4-B21C-48E5-8988-104EB72095E5}.AppStore|x64.ActiveCfg = Release|Any CPU
		{488A7DC4-B21C-48E5-8988-104EB72095E5}.AppStore|x64.Build.0 = Release|Any CPU
		{488A7DC4-B21C-48E5-8988-104EB72095E5}.AppStore|x64.Deploy.0 = Release|Any CPU
		{488A7DC4-B21C-48E5-8988-104EB72095E5}.AppStore|x86.ActiveCfg = Release|Any CPU
		{488A7DC4-B21C-48E5-8988-104EB72095E5}.AppStore|x86.Build.0 = Release|Any CPU
		{488A7DC4-B21C-48E5-8988-104EB72095E5}.AppStore|x86.Deploy.0 = Release|Any CPU
		{488A7DC4-B21C-48E5-8988-104EB72095E5}.Debug|Any CPU.ActiveCfg = Debug|Any CPU
		{488A7DC4-B21C-48E5-8988-104EB72095E5}.Debug|Any CPU.Build.0 = Debug|Any CPU
		{488A7DC4-B21C-48E5-8988-104EB72095E5}.Debug|Any CPU.Deploy.0 = Debug|Any CPU
		{488A7DC4-B21C-48E5-8988-104EB72095E5}.Debug|ARM.ActiveCfg = Debug|Any CPU
		{488A7DC4-B21C-48E5-8988-104EB72095E5}.Debug|ARM.Build.0 = Debug|Any CPU
		{488A7DC4-B21C-48E5-8988-104EB72095E5}.Debug|ARM.Deploy.0 = Debug|Any CPU
		{488A7DC4-B21C-48E5-8988-104EB72095E5}.Debug|iPhone.ActiveCfg = Debug|Any CPU
		{488A7DC4-B21C-48E5-8988-104EB72095E5}.Debug|iPhone.Build.0 = Debug|Any CPU
		{488A7DC4-B21C-48E5-8988-104EB72095E5}.Debug|iPhone.Deploy.0 = Debug|Any CPU
		{488A7DC4-B21C-48E5-8988-104EB72095E5}.Debug|iPhoneSimulator.ActiveCfg = Debug|Any CPU
		{488A7DC4-B21C-48E5-8988-104EB72095E5}.Debug|iPhoneSimulator.Build.0 = Debug|Any CPU
		{488A7DC4-B21C-48E5-8988-104EB72095E5}.Debug|iPhoneSimulator.Deploy.0 = Debug|Any CPU
		{488A7DC4-B21C-48E5-8988-104EB72095E5}.Debug|x64.ActiveCfg = Debug|Any CPU
		{488A7DC4-B21C-48E5-8988-104EB72095E5}.Debug|x64.Build.0 = Debug|Any CPU
		{488A7DC4-B21C-48E5-8988-104EB72095E5}.Debug|x64.Deploy.0 = Debug|Any CPU
		{488A7DC4-B21C-48E5-8988-104EB72095E5}.Debug|x86.ActiveCfg = Debug|Any CPU
		{488A7DC4-B21C-48E5-8988-104EB72095E5}.Debug|x86.Build.0 = Debug|Any CPU
		{488A7DC4-B21C-48E5-8988-104EB72095E5}.Debug|x86.Deploy.0 = Debug|Any CPU
		{488A7DC4-B21C-48E5-8988-104EB72095E5}.Release|Any CPU.ActiveCfg = Release|Any CPU
		{488A7DC4-B21C-48E5-8988-104EB72095E5}.Release|Any CPU.Build.0 = Release|Any CPU
		{488A7DC4-B21C-48E5-8988-104EB72095E5}.Release|Any CPU.Deploy.0 = Release|Any CPU
		{488A7DC4-B21C-48E5-8988-104EB72095E5}.Release|ARM.ActiveCfg = Release|Any CPU
		{488A7DC4-B21C-48E5-8988-104EB72095E5}.Release|ARM.Build.0 = Release|Any CPU
		{488A7DC4-B21C-48E5-8988-104EB72095E5}.Release|ARM.Deploy.0 = Release|Any CPU
		{488A7DC4-B21C-48E5-8988-104EB72095E5}.Release|iPhone.ActiveCfg = Release|Any CPU
		{488A7DC4-B21C-48E5-8988-104EB72095E5}.Release|iPhone.Build.0 = Release|Any CPU
		{488A7DC4-B21C-48E5-8988-104EB72095E5}.Release|iPhone.Deploy.0 = Release|Any CPU
		{488A7DC4-B21C-48E5-8988-104EB72095E5}.Release|iPhoneSimulator.ActiveCfg = Release|Any CPU
		{488A7DC4-B21C-48E5-8988-104EB72095E5}.Release|iPhoneSimulator.Build.0 = Release|Any CPU
		{488A7DC4-B21C-48E5-8988-104EB72095E5}.Release|iPhoneSimulator.Deploy.0 = Release|Any CPU
		{488A7DC4-B21C-48E5-8988-104EB72095E5}.Release|x64.ActiveCfg = Release|Any CPU
		{488A7DC4-B21C-48E5-8988-104EB72095E5}.Release|x64.Build.0 = Release|Any CPU
		{488A7DC4-B21C-48E5-8988-104EB72095E5}.Release|x64.Deploy.0 = Release|Any CPU
		{488A7DC4-B21C-48E5-8988-104EB72095E5}.Release|x86.ActiveCfg = Release|Any CPU
		{488A7DC4-B21C-48E5-8988-104EB72095E5}.Release|x86.Build.0 = Release|Any CPU
		{488A7DC4-B21C-48E5-8988-104EB72095E5}.Release|x86.Deploy.0 = Release|Any CPU
		{6EBAD5BA-6983-4AE1-B97C-E4DB2B0FB7A6}.Ad-Hoc|Any CPU.ActiveCfg = Ad-Hoc|iPhone
		{6EBAD5BA-6983-4AE1-B97C-E4DB2B0FB7A6}.Ad-Hoc|ARM.ActiveCfg = Ad-Hoc|iPhone
		{6EBAD5BA-6983-4AE1-B97C-E4DB2B0FB7A6}.Ad-Hoc|iPhone.ActiveCfg = Ad-Hoc|iPhone
		{6EBAD5BA-6983-4AE1-B97C-E4DB2B0FB7A6}.Ad-Hoc|iPhone.Build.0 = Ad-Hoc|iPhone
		{6EBAD5BA-6983-4AE1-B97C-E4DB2B0FB7A6}.Ad-Hoc|iPhoneSimulator.ActiveCfg = Ad-Hoc|iPhoneSimulator
		{6EBAD5BA-6983-4AE1-B97C-E4DB2B0FB7A6}.Ad-Hoc|iPhoneSimulator.Build.0 = Ad-Hoc|iPhoneSimulator
		{6EBAD5BA-6983-4AE1-B97C-E4DB2B0FB7A6}.Ad-Hoc|x64.ActiveCfg = Ad-Hoc|iPhone
		{6EBAD5BA-6983-4AE1-B97C-E4DB2B0FB7A6}.Ad-Hoc|x86.ActiveCfg = Ad-Hoc|iPhone
		{6EBAD5BA-6983-4AE1-B97C-E4DB2B0FB7A6}.AppStore|Any CPU.ActiveCfg = AppStore|iPhone
		{6EBAD5BA-6983-4AE1-B97C-E4DB2B0FB7A6}.AppStore|ARM.ActiveCfg = AppStore|iPhone
		{6EBAD5BA-6983-4AE1-B97C-E4DB2B0FB7A6}.AppStore|iPhone.ActiveCfg = AppStore|iPhone
		{6EBAD5BA-6983-4AE1-B97C-E4DB2B0FB7A6}.AppStore|iPhone.Build.0 = AppStore|iPhone
		{6EBAD5BA-6983-4AE1-B97C-E4DB2B0FB7A6}.AppStore|iPhoneSimulator.ActiveCfg = AppStore|iPhoneSimulator
		{6EBAD5BA-6983-4AE1-B97C-E4DB2B0FB7A6}.AppStore|iPhoneSimulator.Build.0 = AppStore|iPhoneSimulator
		{6EBAD5BA-6983-4AE1-B97C-E4DB2B0FB7A6}.AppStore|x64.ActiveCfg = AppStore|iPhone
		{6EBAD5BA-6983-4AE1-B97C-E4DB2B0FB7A6}.AppStore|x86.ActiveCfg = AppStore|iPhone
		{6EBAD5BA-6983-4AE1-B97C-E4DB2B0FB7A6}.Debug|Any CPU.ActiveCfg = Debug|iPhone
		{6EBAD5BA-6983-4AE1-B97C-E4DB2B0FB7A6}.Debug|ARM.ActiveCfg = Debug|iPhone
		{6EBAD5BA-6983-4AE1-B97C-E4DB2B0FB7A6}.Debug|iPhone.ActiveCfg = Debug|iPhone
		{6EBAD5BA-6983-4AE1-B97C-E4DB2B0FB7A6}.Debug|iPhone.Build.0 = Debug|iPhone
		{6EBAD5BA-6983-4AE1-B97C-E4DB2B0FB7A6}.Debug|iPhoneSimulator.ActiveCfg = Debug|iPhoneSimulator
		{6EBAD5BA-6983-4AE1-B97C-E4DB2B0FB7A6}.Debug|iPhoneSimulator.Build.0 = Debug|iPhoneSimulator
		{6EBAD5BA-6983-4AE1-B97C-E4DB2B0FB7A6}.Debug|x64.ActiveCfg = Debug|iPhone
		{6EBAD5BA-6983-4AE1-B97C-E4DB2B0FB7A6}.Debug|x86.ActiveCfg = Debug|iPhone
		{6EBAD5BA-6983-4AE1-B97C-E4DB2B0FB7A6}.Release|Any CPU.ActiveCfg = Release|iPhone
		{6EBAD5BA-6983-4AE1-B97C-E4DB2B0FB7A6}.Release|ARM.ActiveCfg = Release|iPhone
		{6EBAD5BA-6983-4AE1-B97C-E4DB2B0FB7A6}.Release|iPhone.ActiveCfg = Release|iPhone
		{6EBAD5BA-6983-4AE1-B97C-E4DB2B0FB7A6}.Release|iPhone.Build.0 = Release|iPhone
		{6EBAD5BA-6983-4AE1-B97C-E4DB2B0FB7A6}.Release|iPhoneSimulator.ActiveCfg = Release|iPhoneSimulator
		{6EBAD5BA-6983-4AE1-B97C-E4DB2B0FB7A6}.Release|iPhoneSimulator.Build.0 = Release|iPhoneSimulator
		{6EBAD5BA-6983-4AE1-B97C-E4DB2B0FB7A6}.Release|x64.ActiveCfg = Release|iPhone
		{6EBAD5BA-6983-4AE1-B97C-E4DB2B0FB7A6}.Release|x86.ActiveCfg = Release|iPhone
		{4FAD9137-7450-4BED-B6F3-9095471CC822}.Ad-Hoc|Any CPU.ActiveCfg = Release|x86
		{4FAD9137-7450-4BED-B6F3-9095471CC822}.Ad-Hoc|Any CPU.Build.0 = Release|x86
		{4FAD9137-7450-4BED-B6F3-9095471CC822}.Ad-Hoc|Any CPU.Deploy.0 = Release|x86
		{4FAD9137-7450-4BED-B6F3-9095471CC822}.Ad-Hoc|ARM.ActiveCfg = Release|ARM
		{4FAD9137-7450-4BED-B6F3-9095471CC822}.Ad-Hoc|ARM.Build.0 = Release|ARM
		{4FAD9137-7450-4BED-B6F3-9095471CC822}.Ad-Hoc|ARM.Deploy.0 = Release|ARM
		{4FAD9137-7450-4BED-B6F3-9095471CC822}.Ad-Hoc|iPhone.ActiveCfg = Release|x86
		{4FAD9137-7450-4BED-B6F3-9095471CC822}.Ad-Hoc|iPhone.Build.0 = Release|x86
		{4FAD9137-7450-4BED-B6F3-9095471CC822}.Ad-Hoc|iPhone.Deploy.0 = Release|x86
		{4FAD9137-7450-4BED-B6F3-9095471CC822}.Ad-Hoc|iPhoneSimulator.ActiveCfg = Release|x86
		{4FAD9137-7450-4BED-B6F3-9095471CC822}.Ad-Hoc|iPhoneSimulator.Build.0 = Release|x86
		{4FAD9137-7450-4BED-B6F3-9095471CC822}.Ad-Hoc|iPhoneSimulator.Deploy.0 = Release|x86
		{4FAD9137-7450-4BED-B6F3-9095471CC822}.Ad-Hoc|x64.ActiveCfg = Release|x64
		{4FAD9137-7450-4BED-B6F3-9095471CC822}.Ad-Hoc|x64.Build.0 = Release|x64
		{4FAD9137-7450-4BED-B6F3-9095471CC822}.Ad-Hoc|x64.Deploy.0 = Release|x64
		{4FAD9137-7450-4BED-B6F3-9095471CC822}.Ad-Hoc|x86.ActiveCfg = Release|x86
		{4FAD9137-7450-4BED-B6F3-9095471CC822}.Ad-Hoc|x86.Build.0 = Release|x86
		{4FAD9137-7450-4BED-B6F3-9095471CC822}.Ad-Hoc|x86.Deploy.0 = Release|x86
		{4FAD9137-7450-4BED-B6F3-9095471CC822}.AppStore|Any CPU.ActiveCfg = Release|x86
		{4FAD9137-7450-4BED-B6F3-9095471CC822}.AppStore|Any CPU.Build.0 = Release|x86
		{4FAD9137-7450-4BED-B6F3-9095471CC822}.AppStore|Any CPU.Deploy.0 = Release|x86
		{4FAD9137-7450-4BED-B6F3-9095471CC822}.AppStore|ARM.ActiveCfg = Release|ARM
		{4FAD9137-7450-4BED-B6F3-9095471CC822}.AppStore|ARM.Build.0 = Release|ARM
		{4FAD9137-7450-4BED-B6F3-9095471CC822}.AppStore|ARM.Deploy.0 = Release|ARM
		{4FAD9137-7450-4BED-B6F3-9095471CC822}.AppStore|iPhone.ActiveCfg = Release|x86
		{4FAD9137-7450-4BED-B6F3-9095471CC822}.AppStore|iPhone.Build.0 = Release|x86
		{4FAD9137-7450-4BED-B6F3-9095471CC822}.AppStore|iPhone.Deploy.0 = Release|x86
		{4FAD9137-7450-4BED-B6F3-9095471CC822}.AppStore|iPhoneSimulator.ActiveCfg = Release|x86
		{4FAD9137-7450-4BED-B6F3-9095471CC822}.AppStore|iPhoneSimulator.Build.0 = Release|x86
		{4FAD9137-7450-4BED-B6F3-9095471CC822}.AppStore|iPhoneSimulator.Deploy.0 = Release|x86
		{4FAD9137-7450-4BED-B6F3-9095471CC822}.AppStore|x64.ActiveCfg = Release|x64
		{4FAD9137-7450-4BED-B6F3-9095471CC822}.AppStore|x64.Build.0 = Release|x64
		{4FAD9137-7450-4BED-B6F3-9095471CC822}.AppStore|x64.Deploy.0 = Release|x64
		{4FAD9137-7450-4BED-B6F3-9095471CC822}.AppStore|x86.ActiveCfg = Release|x86
		{4FAD9137-7450-4BED-B6F3-9095471CC822}.AppStore|x86.Build.0 = Release|x86
		{4FAD9137-7450-4BED-B6F3-9095471CC822}.AppStore|x86.Deploy.0 = Release|x86
		{4FAD9137-7450-4BED-B6F3-9095471CC822}.Debug|Any CPU.ActiveCfg = Debug|x86
		{4FAD9137-7450-4BED-B6F3-9095471CC822}.Debug|ARM.ActiveCfg = Debug|ARM
		{4FAD9137-7450-4BED-B6F3-9095471CC822}.Debug|ARM.Build.0 = Debug|ARM
		{4FAD9137-7450-4BED-B6F3-9095471CC822}.Debug|ARM.Deploy.0 = Debug|ARM
		{4FAD9137-7450-4BED-B6F3-9095471CC822}.Debug|iPhone.ActiveCfg = Debug|x86
		{4FAD9137-7450-4BED-B6F3-9095471CC822}.Debug|iPhoneSimulator.ActiveCfg = Debug|x86
		{4FAD9137-7450-4BED-B6F3-9095471CC822}.Debug|x64.ActiveCfg = Debug|x64
		{4FAD9137-7450-4BED-B6F3-9095471CC822}.Debug|x64.Build.0 = Debug|x64
		{4FAD9137-7450-4BED-B6F3-9095471CC822}.Debug|x64.Deploy.0 = Debug|x64
		{4FAD9137-7450-4BED-B6F3-9095471CC822}.Debug|x86.ActiveCfg = Debug|x86
		{4FAD9137-7450-4BED-B6F3-9095471CC822}.Debug|x86.Build.0 = Debug|x86
		{4FAD9137-7450-4BED-B6F3-9095471CC822}.Debug|x86.Deploy.0 = Debug|x86
		{4FAD9137-7450-4BED-B6F3-9095471CC822}.Release|Any CPU.ActiveCfg = Release|x86
		{4FAD9137-7450-4BED-B6F3-9095471CC822}.Release|ARM.ActiveCfg = Release|ARM
		{4FAD9137-7450-4BED-B6F3-9095471CC822}.Release|ARM.Build.0 = Release|ARM
		{4FAD9137-7450-4BED-B6F3-9095471CC822}.Release|ARM.Deploy.0 = Release|ARM
		{4FAD9137-7450-4BED-B6F3-9095471CC822}.Release|iPhone.ActiveCfg = Release|x86
		{4FAD9137-7450-4BED-B6F3-9095471CC822}.Release|iPhoneSimulator.ActiveCfg = Release|x86
		{4FAD9137-7450-4BED-B6F3-9095471CC822}.Release|x64.ActiveCfg = Release|x64
		{4FAD9137-7450-4BED-B6F3-9095471CC822}.Release|x64.Build.0 = Release|x64
		{4FAD9137-7450-4BED-B6F3-9095471CC822}.Release|x64.Deploy.0 = Release|x64
		{4FAD9137-7450-4BED-B6F3-9095471CC822}.Release|x86.ActiveCfg = Release|x86
		{4FAD9137-7450-4BED-B6F3-9095471CC822}.Release|x86.Build.0 = Release|x86
		{4FAD9137-7450-4BED-B6F3-9095471CC822}.Release|x86.Deploy.0 = Release|x86
		{CB640CDF-8023-4CEB-8D57-BC07E753C076}.Ad-Hoc|Any CPU.ActiveCfg = Release|Any CPU
		{CB640CDF-8023-4CEB-8D57-BC07E753C076}.Ad-Hoc|Any CPU.Build.0 = Release|Any CPU
		{CB640CDF-8023-4CEB-8D57-BC07E753C076}.Ad-Hoc|ARM.ActiveCfg = Release|ARM
		{CB640CDF-8023-4CEB-8D57-BC07E753C076}.Ad-Hoc|ARM.Build.0 = Release|ARM
		{CB640CDF-8023-4CEB-8D57-BC07E753C076}.Ad-Hoc|iPhone.ActiveCfg = Release|Any CPU
		{CB640CDF-8023-4CEB-8D57-BC07E753C076}.Ad-Hoc|iPhone.Build.0 = Release|Any CPU
		{CB640CDF-8023-4CEB-8D57-BC07E753C076}.Ad-Hoc|iPhoneSimulator.ActiveCfg = Release|Any CPU
		{CB640CDF-8023-4CEB-8D57-BC07E753C076}.Ad-Hoc|iPhoneSimulator.Build.0 = Release|Any CPU
		{CB640CDF-8023-4CEB-8D57-BC07E753C076}.Ad-Hoc|x64.ActiveCfg = Release|x64
		{CB640CDF-8023-4CEB-8D57-BC07E753C076}.Ad-Hoc|x64.Build.0 = Release|x64
		{CB640CDF-8023-4CEB-8D57-BC07E753C076}.Ad-Hoc|x86.ActiveCfg = Release|x86
		{CB640CDF-8023-4CEB-8D57-BC07E753C076}.Ad-Hoc|x86.Build.0 = Release|x86
		{CB640CDF-8023-4CEB-8D57-BC07E753C076}.AppStore|Any CPU.ActiveCfg = Release|Any CPU
		{CB640CDF-8023-4CEB-8D57-BC07E753C076}.AppStore|Any CPU.Build.0 = Release|Any CPU
		{CB640CDF-8023-4CEB-8D57-BC07E753C076}.AppStore|ARM.ActiveCfg = Release|ARM
		{CB640CDF-8023-4CEB-8D57-BC07E753C076}.AppStore|ARM.Build.0 = Release|ARM
		{CB640CDF-8023-4CEB-8D57-BC07E753C076}.AppStore|iPhone.ActiveCfg = Release|Any CPU
		{CB640CDF-8023-4CEB-8D57-BC07E753C076}.AppStore|iPhone.Build.0 = Release|Any CPU
		{CB640CDF-8023-4CEB-8D57-BC07E753C076}.AppStore|iPhoneSimulator.ActiveCfg = Release|Any CPU
		{CB640CDF-8023-4CEB-8D57-BC07E753C076}.AppStore|iPhoneSimulator.Build.0 = Release|Any CPU
		{CB640CDF-8023-4CEB-8D57-BC07E753C076}.AppStore|x64.ActiveCfg = Release|x64
		{CB640CDF-8023-4CEB-8D57-BC07E753C076}.AppStore|x64.Build.0 = Release|x64
		{CB640CDF-8023-4CEB-8D57-BC07E753C076}.AppStore|x86.ActiveCfg = Release|x86
		{CB640CDF-8023-4CEB-8D57-BC07E753C076}.AppStore|x86.Build.0 = Release|x86
		{CB640CDF-8023-4CEB-8D57-BC07E753C076}.Debug|Any CPU.ActiveCfg = Debug|Any CPU
		{CB640CDF-8023-4CEB-8D57-BC07E753C076}.Debug|Any CPU.Build.0 = Debug|Any CPU
		{CB640CDF-8023-4CEB-8D57-BC07E753C076}.Debug|ARM.ActiveCfg = Debug|ARM
		{CB640CDF-8023-4CEB-8D57-BC07E753C076}.Debug|ARM.Build.0 = Debug|ARM
		{CB640CDF-8023-4CEB-8D57-BC07E753C076}.Debug|iPhone.ActiveCfg = Debug|Any CPU
		{CB640CDF-8023-4CEB-8D57-BC07E753C076}.Debug|iPhone.Build.0 = Debug|Any CPU
		{CB640CDF-8023-4CEB-8D57-BC07E753C076}.Debug|iPhoneSimulator.ActiveCfg = Debug|Any CPU
		{CB640CDF-8023-4CEB-8D57-BC07E753C076}.Debug|iPhoneSimulator.Build.0 = Debug|Any CPU
		{CB640CDF-8023-4CEB-8D57-BC07E753C076}.Debug|x64.ActiveCfg = Debug|x64
		{CB640CDF-8023-4CEB-8D57-BC07E753C076}.Debug|x64.Build.0 = Debug|x64
		{CB640CDF-8023-4CEB-8D57-BC07E753C076}.Debug|x86.ActiveCfg = Debug|x86
		{CB640CDF-8023-4CEB-8D57-BC07E753C076}.Debug|x86.Build.0 = Debug|x86
		{CB640CDF-8023-4CEB-8D57-BC07E753C076}.Release|Any CPU.ActiveCfg = Release|Any CPU
		{CB640CDF-8023-4CEB-8D57-BC07E753C076}.Release|Any CPU.Build.0 = Release|Any CPU
		{CB640CDF-8023-4CEB-8D57-BC07E753C076}.Release|ARM.ActiveCfg = Release|ARM
		{CB640CDF-8023-4CEB-8D57-BC07E753C076}.Release|ARM.Build.0 = Release|ARM
		{CB640CDF-8023-4CEB-8D57-BC07E753C076}.Release|iPhone.ActiveCfg = Release|Any CPU
		{CB640CDF-8023-4CEB-8D57-BC07E753C076}.Release|iPhone.Build.0 = Release|Any CPU
		{CB640CDF-8023-4CEB-8D57-BC07E753C076}.Release|iPhoneSimulator.ActiveCfg = Release|Any CPU
		{CB640CDF-8023-4CEB-8D57-BC07E753C076}.Release|iPhoneSimulator.Build.0 = Release|Any CPU
		{CB640CDF-8023-4CEB-8D57-BC07E753C076}.Release|x64.ActiveCfg = Release|x64
		{CB640CDF-8023-4CEB-8D57-BC07E753C076}.Release|x64.Build.0 = Release|x64
		{CB640CDF-8023-4CEB-8D57-BC07E753C076}.Release|x86.ActiveCfg = Release|x86
		{CB640CDF-8023-4CEB-8D57-BC07E753C076}.Release|x86.Build.0 = Release|x86
		{AA658516-2CDE-449C-AC02-7C8890A10525}.Ad-Hoc|Any CPU.ActiveCfg = Release|Any CPU
		{AA658516-2CDE-449C-AC02-7C8890A10525}.Ad-Hoc|Any CPU.Build.0 = Release|Any CPU
		{AA658516-2CDE-449C-AC02-7C8890A10525}.Ad-Hoc|ARM.ActiveCfg = Release|Any CPU
		{AA658516-2CDE-449C-AC02-7C8890A10525}.Ad-Hoc|ARM.Build.0 = Release|Any CPU
		{AA658516-2CDE-449C-AC02-7C8890A10525}.Ad-Hoc|iPhone.ActiveCfg = Release|Any CPU
		{AA658516-2CDE-449C-AC02-7C8890A10525}.Ad-Hoc|iPhone.Build.0 = Release|Any CPU
		{AA658516-2CDE-449C-AC02-7C8890A10525}.Ad-Hoc|iPhoneSimulator.ActiveCfg = Release|Any CPU
		{AA658516-2CDE-449C-AC02-7C8890A10525}.Ad-Hoc|iPhoneSimulator.Build.0 = Release|Any CPU
		{AA658516-2CDE-449C-AC02-7C8890A10525}.Ad-Hoc|x64.ActiveCfg = Release|Any CPU
		{AA658516-2CDE-449C-AC02-7C8890A10525}.Ad-Hoc|x64.Build.0 = Release|Any CPU
		{AA658516-2CDE-449C-AC02-7C8890A10525}.Ad-Hoc|x86.ActiveCfg = Release|Any CPU
		{AA658516-2CDE-449C-AC02-7C8890A10525}.Ad-Hoc|x86.Build.0 = Release|Any CPU
		{AA658516-2CDE-449C-AC02-7C8890A10525}.AppStore|Any CPU.ActiveCfg = Release|Any CPU
		{AA658516-2CDE-449C-AC02-7C8890A10525}.AppStore|Any CPU.Build.0 = Release|Any CPU
		{AA658516-2CDE-449C-AC02-7C8890A10525}.AppStore|ARM.ActiveCfg = Release|Any CPU
		{AA658516-2CDE-449C-AC02-7C8890A10525}.AppStore|ARM.Build.0 = Release|Any CPU
		{AA658516-2CDE-449C-AC02-7C8890A10525}.AppStore|iPhone.ActiveCfg = Release|Any CPU
		{AA658516-2CDE-449C-AC02-7C8890A10525}.AppStore|iPhone.Build.0 = Release|Any CPU
		{AA658516-2CDE-449C-AC02-7C8890A10525}.AppStore|iPhoneSimulator.ActiveCfg = Release|Any CPU
		{AA658516-2CDE-449C-AC02-7C8890A10525}.AppStore|iPhoneSimulator.Build.0 = Release|Any CPU
		{AA658516-2CDE-449C-AC02-7C8890A10525}.AppStore|x64.ActiveCfg = Release|Any CPU
		{AA658516-2CDE-449C-AC02-7C8890A10525}.AppStore|x64.Build.0 = Release|Any CPU
		{AA658516-2CDE-449C-AC02-7C8890A10525}.AppStore|x86.ActiveCfg = Release|Any CPU
		{AA658516-2CDE-449C-AC02-7C8890A10525}.AppStore|x86.Build.0 = Release|Any CPU
		{AA658516-2CDE-449C-AC02-7C8890A10525}.Debug|Any CPU.ActiveCfg = Debug|Any CPU
		{AA658516-2CDE-449C-AC02-7C8890A10525}.Debug|Any CPU.Build.0 = Debug|Any CPU
		{AA658516-2CDE-449C-AC02-7C8890A10525}.Debug|ARM.ActiveCfg = Debug|Any CPU
		{AA658516-2CDE-449C-AC02-7C8890A10525}.Debug|ARM.Build.0 = Debug|Any CPU
		{AA658516-2CDE-449C-AC02-7C8890A10525}.Debug|iPhone.ActiveCfg = Debug|Any CPU
		{AA658516-2CDE-449C-AC02-7C8890A10525}.Debug|iPhone.Build.0 = Debug|Any CPU
		{AA658516-2CDE-449C-AC02-7C8890A10525}.Debug|iPhoneSimulator.ActiveCfg = Debug|Any CPU
		{AA658516-2CDE-449C-AC02-7C8890A10525}.Debug|iPhoneSimulator.Build.0 = Debug|Any CPU
		{AA658516-2CDE-449C-AC02-7C8890A10525}.Debug|x64.ActiveCfg = Debug|Any CPU
		{AA658516-2CDE-449C-AC02-7C8890A10525}.Debug|x64.Build.0 = Debug|Any CPU
		{AA658516-2CDE-449C-AC02-7C8890A10525}.Debug|x86.ActiveCfg = Debug|Any CPU
		{AA658516-2CDE-449C-AC02-7C8890A10525}.Debug|x86.Build.0 = Debug|Any CPU
		{AA658516-2CDE-449C-AC02-7C8890A10525}.Release|Any CPU.ActiveCfg = Release|Any CPU
		{AA658516-2CDE-449C-AC02-7C8890A10525}.Release|Any CPU.Build.0 = Release|Any CPU
		{AA658516-2CDE-449C-AC02-7C8890A10525}.Release|ARM.ActiveCfg = Release|Any CPU
		{AA658516-2CDE-449C-AC02-7C8890A10525}.Release|ARM.Build.0 = Release|Any CPU
		{AA658516-2CDE-449C-AC02-7C8890A10525}.Release|iPhone.ActiveCfg = Release|Any CPU
		{AA658516-2CDE-449C-AC02-7C8890A10525}.Release|iPhone.Build.0 = Release|Any CPU
		{AA658516-2CDE-449C-AC02-7C8890A10525}.Release|iPhoneSimulator.ActiveCfg = Release|Any CPU
		{AA658516-2CDE-449C-AC02-7C8890A10525}.Release|iPhoneSimulator.Build.0 = Release|Any CPU
		{AA658516-2CDE-449C-AC02-7C8890A10525}.Release|x64.ActiveCfg = Release|Any CPU
		{AA658516-2CDE-449C-AC02-7C8890A10525}.Release|x64.Build.0 = Release|Any CPU
		{AA658516-2CDE-449C-AC02-7C8890A10525}.Release|x86.ActiveCfg = Release|Any CPU
		{AA658516-2CDE-449C-AC02-7C8890A10525}.Release|x86.Build.0 = Release|Any CPU
		{C4E23AA5-1073-4507-B50C-A247920A9858}.Ad-Hoc|Any CPU.ActiveCfg = Release|Any CPU
		{C4E23AA5-1073-4507-B50C-A247920A9858}.Ad-Hoc|Any CPU.Build.0 = Release|Any CPU
		{C4E23AA5-1073-4507-B50C-A247920A9858}.Ad-Hoc|ARM.ActiveCfg = Release|Any CPU
		{C4E23AA5-1073-4507-B50C-A247920A9858}.Ad-Hoc|ARM.Build.0 = Release|Any CPU
		{C4E23AA5-1073-4507-B50C-A247920A9858}.Ad-Hoc|iPhone.ActiveCfg = Release|Any CPU
		{C4E23AA5-1073-4507-B50C-A247920A9858}.Ad-Hoc|iPhone.Build.0 = Release|Any CPU
		{C4E23AA5-1073-4507-B50C-A247920A9858}.Ad-Hoc|iPhoneSimulator.ActiveCfg = Release|Any CPU
		{C4E23AA5-1073-4507-B50C-A247920A9858}.Ad-Hoc|iPhoneSimulator.Build.0 = Release|Any CPU
		{C4E23AA5-1073-4507-B50C-A247920A9858}.Ad-Hoc|x64.ActiveCfg = Release|Any CPU
		{C4E23AA5-1073-4507-B50C-A247920A9858}.Ad-Hoc|x64.Build.0 = Release|Any CPU
		{C4E23AA5-1073-4507-B50C-A247920A9858}.Ad-Hoc|x86.ActiveCfg = Release|Any CPU
		{C4E23AA5-1073-4507-B50C-A247920A9858}.Ad-Hoc|x86.Build.0 = Release|Any CPU
		{C4E23AA5-1073-4507-B50C-A247920A9858}.AppStore|Any CPU.ActiveCfg = Release|Any CPU
		{C4E23AA5-1073-4507-B50C-A247920A9858}.AppStore|Any CPU.Build.0 = Release|Any CPU
		{C4E23AA5-1073-4507-B50C-A247920A9858}.AppStore|ARM.ActiveCfg = Release|Any CPU
		{C4E23AA5-1073-4507-B50C-A247920A9858}.AppStore|ARM.Build.0 = Release|Any CPU
		{C4E23AA5-1073-4507-B50C-A247920A9858}.AppStore|iPhone.ActiveCfg = Release|Any CPU
		{C4E23AA5-1073-4507-B50C-A247920A9858}.AppStore|iPhone.Build.0 = Release|Any CPU
		{C4E23AA5-1073-4507-B50C-A247920A9858}.AppStore|iPhoneSimulator.ActiveCfg = Release|Any CPU
		{C4E23AA5-1073-4507-B50C-A247920A9858}.AppStore|iPhoneSimulator.Build.0 = Release|Any CPU
		{C4E23AA5-1073-4507-B50C-A247920A9858}.AppStore|x64.ActiveCfg = Release|Any CPU
		{C4E23AA5-1073-4507-B50C-A247920A9858}.AppStore|x64.Build.0 = Release|Any CPU
		{C4E23AA5-1073-4507-B50C-A247920A9858}.AppStore|x86.ActiveCfg = Release|Any CPU
		{C4E23AA5-1073-4507-B50C-A247920A9858}.AppStore|x86.Build.0 = Release|Any CPU
		{C4E23AA5-1073-4507-B50C-A247920A9858}.Debug|Any CPU.ActiveCfg = Debug|Any CPU
		{C4E23AA5-1073-4507-B50C-A247920A9858}.Debug|Any CPU.Build.0 = Debug|Any CPU
		{C4E23AA5-1073-4507-B50C-A247920A9858}.Debug|ARM.ActiveCfg = Debug|Any CPU
		{C4E23AA5-1073-4507-B50C-A247920A9858}.Debug|ARM.Build.0 = Debug|Any CPU
		{C4E23AA5-1073-4507-B50C-A247920A9858}.Debug|iPhone.ActiveCfg = Debug|Any CPU
		{C4E23AA5-1073-4507-B50C-A247920A9858}.Debug|iPhone.Build.0 = Debug|Any CPU
		{C4E23AA5-1073-4507-B50C-A247920A9858}.Debug|iPhoneSimulator.ActiveCfg = Debug|Any CPU
		{C4E23AA5-1073-4507-B50C-A247920A9858}.Debug|iPhoneSimulator.Build.0 = Debug|Any CPU
		{C4E23AA5-1073-4507-B50C-A247920A9858}.Debug|x64.ActiveCfg = Debug|Any CPU
		{C4E23AA5-1073-4507-B50C-A247920A9858}.Debug|x64.Build.0 = Debug|Any CPU
		{C4E23AA5-1073-4507-B50C-A247920A9858}.Debug|x86.ActiveCfg = Debug|Any CPU
		{C4E23AA5-1073-4507-B50C-A247920A9858}.Debug|x86.Build.0 = Debug|Any CPU
		{C4E23AA5-1073-4507-B50C-A247920A9858}.Release|Any CPU.ActiveCfg = Release|Any CPU
		{C4E23AA5-1073-4507-B50C-A247920A9858}.Release|Any CPU.Build.0 = Release|Any CPU
		{C4E23AA5-1073-4507-B50C-A247920A9858}.Release|ARM.ActiveCfg = Release|Any CPU
		{C4E23AA5-1073-4507-B50C-A247920A9858}.Release|ARM.Build.0 = Release|Any CPU
		{C4E23AA5-1073-4507-B50C-A247920A9858}.Release|iPhone.ActiveCfg = Release|Any CPU
		{C4E23AA5-1073-4507-B50C-A247920A9858}.Release|iPhone.Build.0 = Release|Any CPU
		{C4E23AA5-1073-4507-B50C-A247920A9858}.Release|iPhoneSimulator.ActiveCfg = Release|Any CPU
		{C4E23AA5-1073-4507-B50C-A247920A9858}.Release|iPhoneSimulator.Build.0 = Release|Any CPU
		{C4E23AA5-1073-4507-B50C-A247920A9858}.Release|x64.ActiveCfg = Release|Any CPU
		{C4E23AA5-1073-4507-B50C-A247920A9858}.Release|x64.Build.0 = Release|Any CPU
		{C4E23AA5-1073-4507-B50C-A247920A9858}.Release|x86.ActiveCfg = Release|Any CPU
		{C4E23AA5-1073-4507-B50C-A247920A9858}.Release|x86.Build.0 = Release|Any CPU
	EndGlobalSection
	GlobalSection(SolutionProperties) = preSolution
		HideSolutionNode = FALSE
	EndGlobalSection
	GlobalSection(NestedProjects) = preSolution
		{A7C41468-4AAF-45ED-9FC0-431EE1E615DE} = {81A6A60C-0928-4EA0-956A-865E62E2702F}
		{919D5A1C-C503-4315-8A1C-86D4A09440FD} = {05DDD473-BED7-4C20-AF13-939CB0396C1F}
		{5DDB3987-9753-425A-907F-C3F5665C1204} = {F8A05482-62A7-47C4-B06A-A9F940F90DD3}
		{E1834616-BA49-4FDC-99B3-B77485FF659E} = {05DDD473-BED7-4C20-AF13-939CB0396C1F}
		{73379EA7-55C0-4BDD-86A6-097B577D4DA9} = {05DDD473-BED7-4C20-AF13-939CB0396C1F}
		{89015FD5-BBDF-4E88-9E56-76CEF61BD62A} = {05DDD473-BED7-4C20-AF13-939CB0396C1F}
		{7DAC4516-6C55-4E2E-94C1-8E987E1D6FBC} = {080A7B69-51F8-464F-B571-2108F58E06B0}
		{9ECA6A71-B1B7-4B79-9585-F9A59BDAB9A7} = {DBECD4BC-F5A9-4250-A5A4-A76C259F3905}
		{F8A05482-62A7-47C4-B06A-A9F940F90DD3} = {3D03A230-33AA-4EEE-9D2E-F60D5D5D5981}
		{0D00DFDE-1E21-40E8-9F6A-94D70DC12CA0} = {3D03A230-33AA-4EEE-9D2E-F60D5D5D5981}
		{488A7DC4-B21C-48E5-8988-104EB72095E5} = {0D00DFDE-1E21-40E8-9F6A-94D70DC12CA0}
		{6EBAD5BA-6983-4AE1-B97C-E4DB2B0FB7A6} = {0D00DFDE-1E21-40E8-9F6A-94D70DC12CA0}
		{4FAD9137-7450-4BED-B6F3-9095471CC822} = {0D00DFDE-1E21-40E8-9F6A-94D70DC12CA0}
		{CB640CDF-8023-4CEB-8D57-BC07E753C076} = {0D00DFDE-1E21-40E8-9F6A-94D70DC12CA0}
		{AA658516-2CDE-449C-AC02-7C8890A10525} = {0D00DFDE-1E21-40E8-9F6A-94D70DC12CA0}
		{C4E23AA5-1073-4507-B50C-A247920A9858} = {0D00DFDE-1E21-40E8-9F6A-94D70DC12CA0}
	EndGlobalSection
EndGlobal
